PODS:
  - FMDB (2.7.5):
    - FMDB/standard (= 2.7.5)
  - FMDB/standard (2.7.5)
  - Masonry (1.1.0)

DEPENDENCIES:
  - FMDB
  - Masonry

SPEC REPOS:
  https://github.com/cocoapods/specs.git:
    - FMDB
    - Masonry

SPEC CHECKSUMS:
  FMDB: 2ce00b547f966261cd18927a3ddb07cb6f3db82a
  Masonry: 678fab65091a9290e40e2832a55e7ab731aad201

PODFILE CHECKSUM: 01651857280f4e315f2555b0b85ec7ff077f8cd4

COCOAPODS: 1.5.3
