PODS:
  - FDFullscreenPopGesture (1.1)
  - FMDB (2.7.5):
    - FMDB/standard (= 2.7.5)
  - FMDB/standard (2.7.5)
  - Masonry (1.1.0)
  - ReactiveObjC (3.1.1)
  - ZObjcStore (1.0.2)

DEPENDENCIES:
  - FDFullscreenPopGesture
  - FMDB
  - Masonry
  - ReactiveObjC
  - ZObjcStore (~> 1.0.1)

SPEC REPOS:
  https://github.com/CocoaPods/Specs.git:
    - FDFullscreenPopGesture
    - FMDB
    - Masonry
  trunk:
    - ReactiveObjC
    - ZObjcStore

SPEC CHECKSUMS:
  FDFullscreenPopGesture: a8a620179e3d9c40e8e00256dcee1c1a27c6d0f0
  FMDB: 2ce00b547f966261cd18927a3ddb07cb6f3db82a
  Masonry: 678fab65091a9290e40e2832a55e7ab731aad201
  ReactiveObjC: 011caa393aa0383245f2dcf9bf02e86b80b36040
  ZObjcStore: 1423348bc73fd92a0bef16df510b575432309ccf

PODFILE CHECKSUM: ead6fe9c82102133125fd3cae763315b197dfce0

COCOAPODS: 1.10.1
