// !$*UTF8*$!
{
	archiveVersion = 1;
	classes = {
	};
	objectVersion = 50;
	objects = {

/* Begin PBXBuildFile section */
		5356ECF121C7463A00862FE1 /* LCTabBarController.m in Sources */ = {isa = PBXBuildFile; fileRef = 5356ECED21C7463A00862FE1 /* LCTabBarController.m */; };
		5356ECF221C7463A00862FE1 /* LCTabBar.m in Sources */ = {isa = PBXBuildFile; fileRef = 5356ECF021C7463A00862FE1 /* LCTabBar.m */; };
		5356ECF521C7466C00862FE1 /* LCNavigationViewController.m in Sources */ = {isa = PBXBuildFile; fileRef = 5356ECF421C7466C00862FE1 /* LCNavigationViewController.m */; };
		5356ED0321C7471200862FE1 /* d_Arrow_left@3x.png in Resources */ = {isa = PBXBuildFile; fileRef = 5356ECFF21C7471200862FE1 /* d_Arrow_left@3x.png */; };
		5356ED0421C7471200862FE1 /* guanbi@3x.png in Resources */ = {isa = PBXBuildFile; fileRef = 5356ED0021C7471200862FE1 /* guanbi@3x.png */; };
		5356ED0521C7471200862FE1 /* guanbi@2x.png in Resources */ = {isa = PBXBuildFile; fileRef = 5356ED0121C7471200862FE1 /* guanbi@2x.png */; };
		5356ED0621C7471200862FE1 /* d_Arrow_left@2x.png in Resources */ = {isa = PBXBuildFile; fileRef = 5356ED0221C7471200862FE1 /* d_Arrow_left@2x.png */; };
		5356ED0921C7474100862FE1 /* UserViewController.m in Sources */ = {isa = PBXBuildFile; fileRef = 5356ED0821C7474100862FE1 /* UserViewController.m */; };
		5356ED1821C7531D00862FE1 /* tab_bar_home_sel@3x.png in Resources */ = {isa = PBXBuildFile; fileRef = 5356ED1421C7531C00862FE1 /* tab_bar_home_sel@3x.png */; };
		5356ED1921C7531D00862FE1 /* tab_bar_home@3x.png in Resources */ = {isa = PBXBuildFile; fileRef = 5356ED1521C7531C00862FE1 /* tab_bar_home@3x.png */; };
		5356ED1A21C7531D00862FE1 /* tab_bar_home@2x.png in Resources */ = {isa = PBXBuildFile; fileRef = 5356ED1621C7531D00862FE1 /* tab_bar_home@2x.png */; };
		5356ED1B21C7531D00862FE1 /* tab_bar_home_sel@2x.png in Resources */ = {isa = PBXBuildFile; fileRef = 5356ED1721C7531D00862FE1 /* tab_bar_home_sel@2x.png */; };
		5356ED2021C7536200862FE1 /* tab_bar_user@2x.png in Resources */ = {isa = PBXBuildFile; fileRef = 5356ED1C21C7536100862FE1 /* tab_bar_user@2x.png */; };
		5356ED2121C7536200862FE1 /* tab_bar_user@3x.png in Resources */ = {isa = PBXBuildFile; fileRef = 5356ED1D21C7536100862FE1 /* tab_bar_user@3x.png */; };
		5356ED2221C7536200862FE1 /* tab_bar_user_sel@3x.png in Resources */ = {isa = PBXBuildFile; fileRef = 5356ED1E21C7536200862FE1 /* tab_bar_user_sel@3x.png */; };
		5356ED2321C7536200862FE1 /* tab_bar_user_sel@2x.png in Resources */ = {isa = PBXBuildFile; fileRef = 5356ED1F21C7536200862FE1 /* tab_bar_user_sel@2x.png */; };
		5356ED2A21C75D4400862FE1 /* add@3x.png in Resources */ = {isa = PBXBuildFile; fileRef = 5356ED2821C75D4300862FE1 /* add@3x.png */; };
		5356ED2B21C75D4400862FE1 /* add@2x.png in Resources */ = {isa = PBXBuildFile; fileRef = 5356ED2921C75D4300862FE1 /* add@2x.png */; };
		5357B40A21C38B73009D9333 /* AppDelegate.m in Sources */ = {isa = PBXBuildFile; fileRef = 5357B40921C38B73009D9333 /* AppDelegate.m */; };
		5357B40D21C38B73009D9333 /* HomeViewController.m in Sources */ = {isa = PBXBuildFile; fileRef = 5357B40C21C38B73009D9333 /* HomeViewController.m */; };
		5357B41021C38B73009D9333 /* Main.storyboard in Resources */ = {isa = PBXBuildFile; fileRef = 5357B40E21C38B73009D9333 /* Main.storyboard */; };
		5357B41321C38B73009D9333 /* LifeCollection.xcdatamodeld in Sources */ = {isa = PBXBuildFile; fileRef = 5357B41121C38B73009D9333 /* LifeCollection.xcdatamodeld */; };
		5357B41521C38B74009D9333 /* Assets.xcassets in Resources */ = {isa = PBXBuildFile; fileRef = 5357B41421C38B74009D9333 /* Assets.xcassets */; };
		5357B41821C38B74009D9333 /* LaunchScreen.storyboard in Resources */ = {isa = PBXBuildFile; fileRef = 5357B41621C38B74009D9333 /* LaunchScreen.storyboard */; };
		5357B41B21C38B74009D9333 /* main.m in Sources */ = {isa = PBXBuildFile; fileRef = 5357B41A21C38B74009D9333 /* main.m */; };
		5357B42921C3911B009D9333 /* LCColor.m in Sources */ = {isa = PBXBuildFile; fileRef = 5357B42821C3911B009D9333 /* LCColor.m */; };
		855A42587625B7BB03CD4F6E /* Pods_LifeCollection.framework in Frameworks */ = {isa = PBXBuildFile; fileRef = E969EF071FF62323FD55A93A /* Pods_LifeCollection.framework */; };
/* End PBXBuildFile section */

/* Begin PBXFileReference section */
		5356ECED21C7463A00862FE1 /* LCTabBarController.m */ = {isa = PBXFileReference; fileEncoding = 4; lastKnownFileType = sourcecode.c.objc; path = LCTabBarController.m; sourceTree = "<group>"; };
		5356ECEE21C7463A00862FE1 /* LCTabBar.h */ = {isa = PBXFileReference; fileEncoding = 4; lastKnownFileType = sourcecode.c.h; path = LCTabBar.h; sourceTree = "<group>"; };
		5356ECEF21C7463A00862FE1 /* LCTabBarController.h */ = {isa = PBXFileReference; fileEncoding = 4; lastKnownFileType = sourcecode.c.h; path = LCTabBarController.h; sourceTree = "<group>"; };
		5356ECF021C7463A00862FE1 /* LCTabBar.m */ = {isa = PBXFileReference; fileEncoding = 4; lastKnownFileType = sourcecode.c.objc; path = LCTabBar.m; sourceTree = "<group>"; };
		5356ECF321C7466B00862FE1 /* LCNavigationViewController.h */ = {isa = PBXFileReference; fileEncoding = 4; lastKnownFileType = sourcecode.c.h; path = LCNavigationViewController.h; sourceTree = "<group>"; };
		5356ECF421C7466C00862FE1 /* LCNavigationViewController.m */ = {isa = PBXFileReference; fileEncoding = 4; lastKnownFileType = sourcecode.c.objc; path = LCNavigationViewController.m; sourceTree = "<group>"; };
		5356ECFF21C7471200862FE1 /* d_Arrow_left@3x.png */ = {isa = PBXFileReference; lastKnownFileType = image.png; path = "d_Arrow_left@3x.png"; sourceTree = "<group>"; };
		5356ED0021C7471200862FE1 /* guanbi@3x.png */ = {isa = PBXFileReference; lastKnownFileType = image.png; path = "guanbi@3x.png"; sourceTree = "<group>"; };
		5356ED0121C7471200862FE1 /* guanbi@2x.png */ = {isa = PBXFileReference; lastKnownFileType = image.png; path = "guanbi@2x.png"; sourceTree = "<group>"; };
		5356ED0221C7471200862FE1 /* d_Arrow_left@2x.png */ = {isa = PBXFileReference; lastKnownFileType = image.png; path = "d_Arrow_left@2x.png"; sourceTree = "<group>"; };
		5356ED0721C7474100862FE1 /* UserViewController.h */ = {isa = PBXFileReference; lastKnownFileType = sourcecode.c.h; path = UserViewController.h; sourceTree = "<group>"; };
		5356ED0821C7474100862FE1 /* UserViewController.m */ = {isa = PBXFileReference; lastKnownFileType = sourcecode.c.objc; path = UserViewController.m; sourceTree = "<group>"; };
		5356ED1221C7498100862FE1 /* LifeCollectionPrefixHeader.pch */ = {isa = PBXFileReference; lastKnownFileType = sourcecode.c.h; path = LifeCollectionPrefixHeader.pch; sourceTree = "<group>"; };
		5356ED1321C749B800862FE1 /* LifeCollectionHeader.h */ = {isa = PBXFileReference; lastKnownFileType = sourcecode.c.h; path = LifeCollectionHeader.h; sourceTree = "<group>"; };
		5356ED1421C7531C00862FE1 /* tab_bar_home_sel@3x.png */ = {isa = PBXFileReference; lastKnownFileType = image.png; path = "tab_bar_home_sel@3x.png"; sourceTree = "<group>"; };
		5356ED1521C7531C00862FE1 /* tab_bar_home@3x.png */ = {isa = PBXFileReference; lastKnownFileType = image.png; path = "tab_bar_home@3x.png"; sourceTree = "<group>"; };
		5356ED1621C7531D00862FE1 /* tab_bar_home@2x.png */ = {isa = PBXFileReference; lastKnownFileType = image.png; path = "tab_bar_home@2x.png"; sourceTree = "<group>"; };
		5356ED1721C7531D00862FE1 /* tab_bar_home_sel@2x.png */ = {isa = PBXFileReference; lastKnownFileType = image.png; path = "tab_bar_home_sel@2x.png"; sourceTree = "<group>"; };
		5356ED1C21C7536100862FE1 /* tab_bar_user@2x.png */ = {isa = PBXFileReference; lastKnownFileType = image.png; path = "tab_bar_user@2x.png"; sourceTree = "<group>"; };
		5356ED1D21C7536100862FE1 /* tab_bar_user@3x.png */ = {isa = PBXFileReference; lastKnownFileType = image.png; path = "tab_bar_user@3x.png"; sourceTree = "<group>"; };
		5356ED1E21C7536200862FE1 /* tab_bar_user_sel@3x.png */ = {isa = PBXFileReference; lastKnownFileType = image.png; path = "tab_bar_user_sel@3x.png"; sourceTree = "<group>"; };
		5356ED1F21C7536200862FE1 /* tab_bar_user_sel@2x.png */ = {isa = PBXFileReference; lastKnownFileType = image.png; path = "tab_bar_user_sel@2x.png"; sourceTree = "<group>"; };
		5356ED2821C75D4300862FE1 /* add@3x.png */ = {isa = PBXFileReference; lastKnownFileType = image.png; path = "add@3x.png"; sourceTree = "<group>"; };
		5356ED2921C75D4300862FE1 /* add@2x.png */ = {isa = PBXFileReference; lastKnownFileType = image.png; path = "add@2x.png"; sourceTree = "<group>"; };
		5357B40521C38B73009D9333 /* LifeCollection.app */ = {isa = PBXFileReference; explicitFileType = wrapper.application; includeInIndex = 0; path = LifeCollection.app; sourceTree = BUILT_PRODUCTS_DIR; };
		5357B40821C38B73009D9333 /* AppDelegate.h */ = {isa = PBXFileReference; lastKnownFileType = sourcecode.c.h; path = AppDelegate.h; sourceTree = "<group>"; };
		5357B40921C38B73009D9333 /* AppDelegate.m */ = {isa = PBXFileReference; lastKnownFileType = sourcecode.c.objc; path = AppDelegate.m; sourceTree = "<group>"; };
		5357B40B21C38B73009D9333 /* HomeViewController.h */ = {isa = PBXFileReference; lastKnownFileType = sourcecode.c.h; path = HomeViewController.h; sourceTree = "<group>"; };
		5357B40C21C38B73009D9333 /* HomeViewController.m */ = {isa = PBXFileReference; lastKnownFileType = sourcecode.c.objc; path = HomeViewController.m; sourceTree = "<group>"; };
		5357B40F21C38B73009D9333 /* Base */ = {isa = PBXFileReference; lastKnownFileType = file.storyboard; name = Base; path = Base.lproj/Main.storyboard; sourceTree = "<group>"; };
		5357B41221C38B73009D9333 /* LifeCollection.xcdatamodel */ = {isa = PBXFileReference; lastKnownFileType = wrapper.xcdatamodel; path = LifeCollection.xcdatamodel; sourceTree = "<group>"; };
		5357B41421C38B74009D9333 /* Assets.xcassets */ = {isa = PBXFileReference; lastKnownFileType = folder.assetcatalog; path = Assets.xcassets; sourceTree = "<group>"; };
		5357B41721C38B74009D9333 /* Base */ = {isa = PBXFileReference; lastKnownFileType = file.storyboard; name = Base; path = Base.lproj/LaunchScreen.storyboard; sourceTree = "<group>"; };
		5357B41921C38B74009D9333 /* Info.plist */ = {isa = PBXFileReference; lastKnownFileType = text.plist.xml; path = Info.plist; sourceTree = "<group>"; };
		5357B41A21C38B74009D9333 /* main.m */ = {isa = PBXFileReference; lastKnownFileType = sourcecode.c.objc; path = main.m; sourceTree = "<group>"; };
		5357B42721C3911B009D9333 /* LCColor.h */ = {isa = PBXFileReference; lastKnownFileType = sourcecode.c.h; path = LCColor.h; sourceTree = "<group>"; };
		5357B42821C3911B009D9333 /* LCColor.m */ = {isa = PBXFileReference; lastKnownFileType = sourcecode.c.objc; path = LCColor.m; sourceTree = "<group>"; };
		A46CB81A40A90EFAE12EAFA2 /* Pods-LifeCollection.debug.xcconfig */ = {isa = PBXFileReference; includeInIndex = 1; lastKnownFileType = text.xcconfig; name = "Pods-LifeCollection.debug.xcconfig"; path = "Pods/Target Support Files/Pods-LifeCollection/Pods-LifeCollection.debug.xcconfig"; sourceTree = "<group>"; };
		DAB28567032FA38DDC677DEE /* Pods-LifeCollection.release.xcconfig */ = {isa = PBXFileReference; includeInIndex = 1; lastKnownFileType = text.xcconfig; name = "Pods-LifeCollection.release.xcconfig"; path = "Pods/Target Support Files/Pods-LifeCollection/Pods-LifeCollection.release.xcconfig"; sourceTree = "<group>"; };
		E969EF071FF62323FD55A93A /* Pods_LifeCollection.framework */ = {isa = PBXFileReference; explicitFileType = wrapper.framework; includeInIndex = 0; path = Pods_LifeCollection.framework; sourceTree = BUILT_PRODUCTS_DIR; };
/* End PBXFileReference section */

/* Begin PBXFrameworksBuildPhase section */
		5357B40221C38B73009D9333 /* Frameworks */ = {
			isa = PBXFrameworksBuildPhase;
			buildActionMask = 2147483647;
			files = (
				855A42587625B7BB03CD4F6E /* Pods_LifeCollection.framework in Frameworks */,
			);
			runOnlyForDeploymentPostprocessing = 0;
		};
/* End PBXFrameworksBuildPhase section */

/* Begin PBXGroup section */
		0C8790F08621332121D8810D /* Pods */ = {
			isa = PBXGroup;
			children = (
				A46CB81A40A90EFAE12EAFA2 /* Pods-LifeCollection.debug.xcconfig */,
				DAB28567032FA38DDC677DEE /* Pods-LifeCollection.release.xcconfig */,
			);
			name = Pods;
			sourceTree = "<group>";
		};
		5356ECF621C7469C00862FE1 /* Resources */ = {
			isa = PBXGroup;
			children = (
				5356ED1721C7531D00862FE1 /* tab_bar_home_sel@2x.png */,
				5356ED1421C7531C00862FE1 /* tab_bar_home_sel@3x.png */,
				5356ED1621C7531D00862FE1 /* tab_bar_home@2x.png */,
				5356ED1521C7531C00862FE1 /* tab_bar_home@3x.png */,
				5356ED1F21C7536200862FE1 /* tab_bar_user_sel@2x.png */,
				5356ED1E21C7536200862FE1 /* tab_bar_user_sel@3x.png */,
				5356ED1C21C7536100862FE1 /* tab_bar_user@2x.png */,
				5356ED1D21C7536100862FE1 /* tab_bar_user@3x.png */,
				5356ED2921C75D4300862FE1 /* add@2x.png */,
				5356ED2821C75D4300862FE1 /* add@3x.png */,
				5356ED0221C7471200862FE1 /* d_Arrow_left@2x.png */,
				5356ECFF21C7471200862FE1 /* d_Arrow_left@3x.png */,
				5356ED0121C7471200862FE1 /* guanbi@2x.png */,
				5356ED0021C7471200862FE1 /* guanbi@3x.png */,
			);
			path = Resources;
			sourceTree = "<group>";
		};
		5357B3FC21C38B73009D9333 = {
			isa = PBXGroup;
			children = (
				5357B40721C38B73009D9333 /* LifeCollection */,
				5357B40621C38B73009D9333 /* Products */,
				0C8790F08621332121D8810D /* Pods */,
				DD5677F4BB641C2F91264A51 /* Frameworks */,
			);
			sourceTree = "<group>";
		};
		5357B40621C38B73009D9333 /* Products */ = {
			isa = PBXGroup;
			children = (
				5357B40521C38B73009D9333 /* LifeCollection.app */,
			);
			name = Products;
			sourceTree = "<group>";
		};
		5357B40721C38B73009D9333 /* LifeCollection */ = {
			isa = PBXGroup;
			children = (
				5357B40821C38B73009D9333 /* AppDelegate.h */,
				5357B40921C38B73009D9333 /* AppDelegate.m */,
				5356ED1221C7498100862FE1 /* LifeCollectionPrefixHeader.pch */,
				5356ED1321C749B800862FE1 /* LifeCollectionHeader.h */,
				5357B40E21C38B73009D9333 /* Main.storyboard */,
				5357B41421C38B74009D9333 /* Assets.xcassets */,
				5357B41621C38B74009D9333 /* LaunchScreen.storyboard */,
				5357B41921C38B74009D9333 /* Info.plist */,
				5357B41A21C38B74009D9333 /* main.m */,
				5357B41121C38B73009D9333 /* LifeCollection.xcdatamodeld */,
				5357B42321C38CBC009D9333 /* Model */,
				5357B42221C38CB5009D9333 /* View */,
				5357B42121C38CAD009D9333 /* Controller */,
				5357B42421C3901F009D9333 /* Library */,
				5357B42521C3903B009D9333 /* Util */,
				5356ECF621C7469C00862FE1 /* Resources */,
			);
			path = LifeCollection;
			sourceTree = "<group>";
		};
		5357B42121C38CAD009D9333 /* Controller */ = {
			isa = PBXGroup;
			children = (
				5357B40B21C38B73009D9333 /* HomeViewController.h */,
				5357B40C21C38B73009D9333 /* HomeViewController.m */,
				5356ED0721C7474100862FE1 /* UserViewController.h */,
				5356ED0821C7474100862FE1 /* UserViewController.m */,
			);
			path = Controller;
			sourceTree = "<group>";
		};
		5357B42221C38CB5009D9333 /* View */ = {
			isa = PBXGroup;
			children = (
			);
			path = View;
			sourceTree = "<group>";
		};
		5357B42321C38CBC009D9333 /* Model */ = {
			isa = PBXGroup;
			children = (
			);
			path = Model;
			sourceTree = "<group>";
		};
		5357B42421C3901F009D9333 /* Library */ = {
			isa = PBXGroup;
			children = (
			);
			path = Library;
			sourceTree = "<group>";
		};
		5357B42521C3903B009D9333 /* Util */ = {
			isa = PBXGroup;
			children = (
				5356ECF321C7466B00862FE1 /* LCNavigationViewController.h */,
				5356ECF421C7466C00862FE1 /* LCNavigationViewController.m */,
				5356ECEF21C7463A00862FE1 /* LCTabBarController.h */,
				5356ECED21C7463A00862FE1 /* LCTabBarController.m */,
				5356ECEE21C7463A00862FE1 /* LCTabBar.h */,
				5356ECF021C7463A00862FE1 /* LCTabBar.m */,
				5357B42721C3911B009D9333 /* LCColor.h */,
				5357B42821C3911B009D9333 /* LCColor.m */,
			);
			path = Util;
			sourceTree = "<group>";
		};
		DD5677F4BB641C2F91264A51 /* Frameworks */ = {
			isa = PBXGroup;
			children = (
				E969EF071FF62323FD55A93A /* Pods_LifeCollection.framework */,
			);
			name = Frameworks;
			sourceTree = "<group>";
		};
/* End PBXGroup section */

/* Begin PBXNativeTarget section */
		5357B40421C38B73009D9333 /* LifeCollection */ = {
			isa = PBXNativeTarget;
			buildConfigurationList = 5357B41E21C38B74009D9333 /* Build configuration list for PBXNativeTarget "LifeCollection" */;
			buildPhases = (
				22EDE81A6AB224BF6B4295F9 /* [CP] Check Pods Manifest.lock */,
				5357B40121C38B73009D9333 /* Sources */,
				5357B40221C38B73009D9333 /* Frameworks */,
				5357B40321C38B73009D9333 /* Resources */,
				20881100C90916140521F00F /* [CP] Embed Pods Frameworks */,
			);
			buildRules = (
			);
			dependencies = (
			);
			name = LifeCollection;
			productName = LifeCollection;
			productReference = 5357B40521C38B73009D9333 /* LifeCollection.app */;
			productType = "com.apple.product-type.application";
		};
/* End PBXNativeTarget section */

/* Begin PBXProject section */
		5357B3FD21C38B73009D9333 /* Project object */ = {
			isa = PBXProject;
			attributes = {
				LastUpgradeCheck = 1010;
				ORGANIZATIONNAME = com.longdai;
				TargetAttributes = {
					5357B40421C38B73009D9333 = {
						CreatedOnToolsVersion = 10.1;
					};
				};
			};
			buildConfigurationList = 5357B40021C38B73009D9333 /* Build configuration list for PBXProject "LifeCollection" */;
			compatibilityVersion = "Xcode 9.3";
			developmentRegion = en;
			hasScannedForEncodings = 0;
			knownRegions = (
				en,
				Base,
			);
			mainGroup = 5357B3FC21C38B73009D9333;
			productRefGroup = 5357B40621C38B73009D9333 /* Products */;
			projectDirPath = "";
			projectRoot = "";
			targets = (
				5357B40421C38B73009D9333 /* LifeCollection */,
			);
		};
/* End PBXProject section */

/* Begin PBXResourcesBuildPhase section */
		5357B40321C38B73009D9333 /* Resources */ = {
			isa = PBXResourcesBuildPhase;
			buildActionMask = 2147483647;
			files = (
				5357B41821C38B74009D9333 /* LaunchScreen.storyboard in Resources */,
				5356ED2A21C75D4400862FE1 /* add@3x.png in Resources */,
				5356ED2221C7536200862FE1 /* tab_bar_user_sel@3x.png in Resources */,
				5356ED2021C7536200862FE1 /* tab_bar_user@2x.png in Resources */,
				5356ED0421C7471200862FE1 /* guanbi@3x.png in Resources */,
				5356ED2121C7536200862FE1 /* tab_bar_user@3x.png in Resources */,
				5356ED0321C7471200862FE1 /* d_Arrow_left@3x.png in Resources */,
				5357B41521C38B74009D9333 /* Assets.xcassets in Resources */,
				5356ED0621C7471200862FE1 /* d_Arrow_left@2x.png in Resources */,
				5356ED0521C7471200862FE1 /* guanbi@2x.png in Resources */,
				5356ED2321C7536200862FE1 /* tab_bar_user_sel@2x.png in Resources */,
				5356ED2B21C75D4400862FE1 /* add@2x.png in Resources */,
				5356ED1921C7531D00862FE1 /* tab_bar_home@3x.png in Resources */,
				5356ED1B21C7531D00862FE1 /* tab_bar_home_sel@2x.png in Resources */,
				5357B41021C38B73009D9333 /* Main.storyboard in Resources */,
				5356ED1A21C7531D00862FE1 /* tab_bar_home@2x.png in Resources */,
				5356ED1821C7531D00862FE1 /* tab_bar_home_sel@3x.png in Resources */,
			);
			runOnlyForDeploymentPostprocessing = 0;
		};
/* End PBXResourcesBuildPhase section */

/* Begin PBXShellScriptBuildPhase section */
		20881100C90916140521F00F /* [CP] Embed Pods Frameworks */ = {
			isa = PBXShellScriptBuildPhase;
			buildActionMask = 2147483647;
			files = (
			);
			inputPaths = (
				"${SRCROOT}/Pods/Target Support Files/Pods-LifeCollection/Pods-LifeCollection-frameworks.sh",
				"${BUILT_PRODUCTS_DIR}/Masonry/Masonry.framework",
			);
			name = "[CP] Embed Pods Frameworks";
			outputPaths = (
				"${TARGET_BUILD_DIR}/${FRAMEWORKS_FOLDER_PATH}/Masonry.framework",
			);
			runOnlyForDeploymentPostprocessing = 0;
			shellPath = /bin/sh;
			shellScript = "\"${SRCROOT}/Pods/Target Support Files/Pods-LifeCollection/Pods-LifeCollection-frameworks.sh\"\n";
			showEnvVarsInLog = 0;
		};
		22EDE81A6AB224BF6B4295F9 /* [CP] Check Pods Manifest.lock */ = {
			isa = PBXShellScriptBuildPhase;
			buildActionMask = 2147483647;
			files = (
			);
			inputPaths = (
				"${PODS_PODFILE_DIR_PATH}/Podfile.lock",
				"${PODS_ROOT}/Manifest.lock",
			);
			name = "[CP] Check Pods Manifest.lock";
			outputPaths = (
				"$(DERIVED_FILE_DIR)/Pods-LifeCollection-checkManifestLockResult.txt",
			);
			runOnlyForDeploymentPostprocessing = 0;
			shellPath = /bin/sh;
			shellScript = "diff \"${PODS_PODFILE_DIR_PATH}/Podfile.lock\" \"${PODS_ROOT}/Manifest.lock\" > /dev/null\nif [ $? != 0 ] ; then\n    # print error to STDERR\n    echo \"error: The sandbox is not in sync with the Podfile.lock. Run 'pod install' or update your CocoaPods installation.\" >&2\n    exit 1\nfi\n# This output is used by Xcode 'outputs' to avoid re-running this script phase.\necho \"SUCCESS\" > \"${SCRIPT_OUTPUT_FILE_0}\"\n";
			showEnvVarsInLog = 0;
		};
/* End PBXShellScriptBuildPhase section */

/* Begin PBXSourcesBuildPhase section */
		5357B40121C38B73009D9333 /* Sources */ = {
			isa = PBXSourcesBuildPhase;
			buildActionMask = 2147483647;
			files = (
				5356ED0921C7474100862FE1 /* UserViewController.m in Sources */,
				5357B40D21C38B73009D9333 /* HomeViewController.m in Sources */,
				5357B41321C38B73009D9333 /* LifeCollection.xcdatamodeld in Sources */,
				5357B42921C3911B009D9333 /* LCColor.m in Sources */,
				5356ECF121C7463A00862FE1 /* LCTabBarController.m in Sources */,
				5357B41B21C38B74009D9333 /* main.m in Sources */,
				5356ECF521C7466C00862FE1 /* LCNavigationViewController.m in Sources */,
				5356ECF221C7463A00862FE1 /* LCTabBar.m in Sources */,
				5357B40A21C38B73009D9333 /* AppDelegate.m in Sources */,
			);
			runOnlyForDeploymentPostprocessing = 0;
		};
/* End PBXSourcesBuildPhase section */

/* Begin PBXVariantGroup section */
		5357B40E21C38B73009D9333 /* Main.storyboard */ = {
			isa = PBXVariantGroup;
			children = (
				5357B40F21C38B73009D9333 /* Base */,
			);
			name = Main.storyboard;
			sourceTree = "<group>";
		};
		5357B41621C38B74009D9333 /* LaunchScreen.storyboard */ = {
			isa = PBXVariantGroup;
			children = (
				5357B41721C38B74009D9333 /* Base */,
			);
			name = LaunchScreen.storyboard;
			sourceTree = "<group>";
		};
/* End PBXVariantGroup section */

/* Begin XCBuildConfiguration section */
		5357B41C21C38B74009D9333 /* Debug */ = {
			isa = XCBuildConfiguration;
			buildSettings = {
				ALWAYS_SEARCH_USER_PATHS = NO;
				CLANG_ANALYZER_NONNULL = YES;
				CLANG_ANALYZER_NUMBER_OBJECT_CONVERSION = YES_AGGRESSIVE;
				CLANG_CXX_LANGUAGE_STANDARD = "gnu++14";
				CLANG_CXX_LIBRARY = "libc++";
				CLANG_ENABLE_MODULES = YES;
				CLANG_ENABLE_OBJC_ARC = YES;
				CLANG_ENABLE_OBJC_WEAK = YES;
				CLANG_WARN_BLOCK_CAPTURE_AUTORELEASING = YES;
				CLANG_WARN_BOOL_CONVERSION = YES;
				CLANG_WARN_COMMA = YES;
				CLANG_WARN_CONSTANT_CONVERSION = YES;
				CLANG_WARN_DEPRECATED_OBJC_IMPLEMENTATIONS = YES;
				CLANG_WARN_DIRECT_OBJC_ISA_USAGE = YES_ERROR;
				CLANG_WARN_DOCUMENTATION_COMMENTS = YES;
				CLANG_WARN_EMPTY_BODY = YES;
				CLANG_WARN_ENUM_CONVERSION = YES;
				CLANG_WARN_INFINITE_RECURSION = YES;
				CLANG_WARN_INT_CONVERSION = YES;
				CLANG_WARN_NON_LITERAL_NULL_CONVERSION = YES;
				CLANG_WARN_OBJC_IMPLICIT_RETAIN_SELF = YES;
				CLANG_WARN_OBJC_LITERAL_CONVERSION = YES;
				CLANG_WARN_OBJC_ROOT_CLASS = YES_ERROR;
				CLANG_WARN_RANGE_LOOP_ANALYSIS = YES;
				CLANG_WARN_STRICT_PROTOTYPES = YES;
				CLANG_WARN_SUSPICIOUS_MOVE = YES;
				CLANG_WARN_UNGUARDED_AVAILABILITY = YES_AGGRESSIVE;
				CLANG_WARN_UNREACHABLE_CODE = YES;
				CLANG_WARN__DUPLICATE_METHOD_MATCH = YES;
				CODE_SIGN_IDENTITY = "iPhone Developer";
				COPY_PHASE_STRIP = NO;
				DEBUG_INFORMATION_FORMAT = dwarf;
				ENABLE_STRICT_OBJC_MSGSEND = YES;
				ENABLE_TESTABILITY = YES;
				GCC_C_LANGUAGE_STANDARD = gnu11;
				GCC_DYNAMIC_NO_PIC = NO;
				GCC_NO_COMMON_BLOCKS = YES;
				GCC_OPTIMIZATION_LEVEL = 0;
				GCC_PREPROCESSOR_DEFINITIONS = (
					"DEBUG=1",
					"$(inherited)",
				);
				GCC_WARN_64_TO_32_BIT_CONVERSION = YES;
				GCC_WARN_ABOUT_RETURN_TYPE = YES_ERROR;
				GCC_WARN_UNDECLARED_SELECTOR = YES;
				GCC_WARN_UNINITIALIZED_AUTOS = YES_AGGRESSIVE;
				GCC_WARN_UNUSED_FUNCTION = YES;
				GCC_WARN_UNUSED_VARIABLE = YES;
				IPHONEOS_DEPLOYMENT_TARGET = 12.1;
				MTL_ENABLE_DEBUG_INFO = INCLUDE_SOURCE;
				MTL_FAST_MATH = YES;
				ONLY_ACTIVE_ARCH = YES;
				SDKROOT = iphoneos;
			};
			name = Debug;
		};
		5357B41D21C38B74009D9333 /* Release */ = {
			isa = XCBuildConfiguration;
			buildSettings = {
				ALWAYS_SEARCH_USER_PATHS = NO;
				CLANG_ANALYZER_NONNULL = YES;
				CLANG_ANALYZER_NUMBER_OBJECT_CONVERSION = YES_AGGRESSIVE;
				CLANG_CXX_LANGUAGE_STANDARD = "gnu++14";
				CLANG_CXX_LIBRARY = "libc++";
				CLANG_ENABLE_MODULES = YES;
				CLANG_ENABLE_OBJC_ARC = YES;
				CLANG_ENABLE_OBJC_WEAK = YES;
				CLANG_WARN_BLOCK_CAPTURE_AUTORELEASING = YES;
				CLANG_WARN_BOOL_CONVERSION = YES;
				CLANG_WARN_COMMA = YES;
				CLANG_WARN_CONSTANT_CONVERSION = YES;
				CLANG_WARN_DEPRECATED_OBJC_IMPLEMENTATIONS = YES;
				CLANG_WARN_DIRECT_OBJC_ISA_USAGE = YES_ERROR;
				CLANG_WARN_DOCUMENTATION_COMMENTS = YES;
				CLANG_WARN_EMPTY_BODY = YES;
				CLANG_WARN_ENUM_CONVERSION = YES;
				CLANG_WARN_INFINITE_RECURSION = YES;
				CLANG_WARN_INT_CONVERSION = YES;
				CLANG_WARN_NON_LITERAL_NULL_CONVERSION = YES;
				CLANG_WARN_OBJC_IMPLICIT_RETAIN_SELF = YES;
				CLANG_WARN_OBJC_LITERAL_CONVERSION = YES;
				CLANG_WARN_OBJC_ROOT_CLASS = YES_ERROR;
				CLANG_WARN_RANGE_LOOP_ANALYSIS = YES;
				CLANG_WARN_STRICT_PROTOTYPES = YES;
				CLANG_WARN_SUSPICIOUS_MOVE = YES;
				CLANG_WARN_UNGUARDED_AVAILABILITY = YES_AGGRESSIVE;
				CLANG_WARN_UNREACHABLE_CODE = YES;
				CLANG_WARN__DUPLICATE_METHOD_MATCH = YES;
				CODE_SIGN_IDENTITY = "iPhone Developer";
				COPY_PHASE_STRIP = NO;
				DEBUG_INFORMATION_FORMAT = "dwarf-with-dsym";
				ENABLE_NS_ASSERTIONS = NO;
				ENABLE_STRICT_OBJC_MSGSEND = YES;
				GCC_C_LANGUAGE_STANDARD = gnu11;
				GCC_NO_COMMON_BLOCKS = YES;
				GCC_WARN_64_TO_32_BIT_CONVERSION = YES;
				GCC_WARN_ABOUT_RETURN_TYPE = YES_ERROR;
				GCC_WARN_UNDECLARED_SELECTOR = YES;
				GCC_WARN_UNINITIALIZED_AUTOS = YES_AGGRESSIVE;
				GCC_WARN_UNUSED_FUNCTION = YES;
				GCC_WARN_UNUSED_VARIABLE = YES;
				IPHONEOS_DEPLOYMENT_TARGET = 12.1;
				MTL_ENABLE_DEBUG_INFO = NO;
				MTL_FAST_MATH = YES;
				SDKROOT = iphoneos;
				VALIDATE_PRODUCT = YES;
			};
			name = Release;
		};
		5357B41F21C38B74009D9333 /* Debug */ = {
			isa = XCBuildConfiguration;
			baseConfigurationReference = A46CB81A40A90EFAE12EAFA2 /* Pods-LifeCollection.debug.xcconfig */;
			buildSettings = {
				ASSETCATALOG_COMPILER_APPICON_NAME = AppIcon;
				CODE_SIGN_STYLE = Automatic;
				DEVELOPMENT_TEAM = 6JC78V6G2N;
				GCC_PREFIX_HEADER = LifeCollection/LifeCollectionPrefixHeader.pch;
				INFOPLIST_FILE = LifeCollection/Info.plist;
				IPHONEOS_DEPLOYMENT_TARGET = 9.0;
				LD_RUNPATH_SEARCH_PATHS = (
					"$(inherited)",
					"@executable_path/Frameworks",
				);
				PRODUCT_BUNDLE_IDENTIFIER = com.longdai.LifeCollection;
				PRODUCT_NAME = "$(TARGET_NAME)";
				TARGETED_DEVICE_FAMILY = "1,2";
			};
			name = Debug;
		};
		5357B42021C38B74009D9333 /* Release */ = {
			isa = XCBuildConfiguration;
			baseConfigurationReference = DAB28567032FA38DDC677DEE /* Pods-LifeCollection.release.xcconfig */;
			buildSettings = {
				ASSETCATALOG_COMPILER_APPICON_NAME = AppIcon;
				CODE_SIGN_STYLE = Automatic;
				DEVELOPMENT_TEAM = 6JC78V6G2N;
				GCC_PREFIX_HEADER = LifeCollection/LifeCollectionPrefixHeader.pch;
				INFOPLIST_FILE = LifeCollection/Info.plist;
				IPHONEOS_DEPLOYMENT_TARGET = 9.0;
				LD_RUNPATH_SEARCH_PATHS = (
					"$(inherited)",
					"@executable_path/Frameworks",
				);
				PRODUCT_BUNDLE_IDENTIFIER = com.longdai.LifeCollection;
				PRODUCT_NAME = "$(TARGET_NAME)";
				TARGETED_DEVICE_FAMILY = "1,2";
			};
			name = Release;
		};
/* End XCBuildConfiguration section */

/* Begin XCConfigurationList section */
		5357B40021C38B73009D9333 /* Build configuration list for PBXProject "LifeCollection" */ = {
			isa = XCConfigurationList;
			buildConfigurations = (
				5357B41C21C38B74009D9333 /* Debug */,
				5357B41D21C38B74009D9333 /* Release */,
			);
			defaultConfigurationIsVisible = 0;
			defaultConfigurationName = Release;
		};
		5357B41E21C38B74009D9333 /* Build configuration list for PBXNativeTarget "LifeCollection" */ = {
			isa = XCConfigurationList;
			buildConfigurations = (
				5357B41F21C38B74009D9333 /* Debug */,
				5357B42021C38B74009D9333 /* Release */,
			);
			defaultConfigurationIsVisible = 0;
			defaultConfigurationName = Release;
		};
/* End XCConfigurationList section */

/* Begin XCVersionGroup section */
		5357B41121C38B73009D9333 /* LifeCollection.xcdatamodeld */ = {
			isa = XCVersionGroup;
			children = (
				5357B41221C38B73009D9333 /* LifeCollection.xcdatamodel */,
			);
			currentVersion = 5357B41221C38B73009D9333 /* LifeCollection.xcdatamodel */;
			path = LifeCollection.xcdatamodeld;
			sourceTree = "<group>";
			versionGroupType = wrapper.xcdatamodel;
		};
/* End XCVersionGroup section */
	};
	rootObject = 5357B3FD21C38B73009D9333 /* Project object */;
}
