// !$*UTF8*$!
{
	archiveVersion = 1;
	classes = {
	};
	objectVersion = 50;
	objects = {

/* Begin PBXBuildFile section */
		5303626C225C8451002B5A7F /* NoteListTableViewCell.m in Sources */ = {isa = PBXBuildFile; fileRef = 5303626B225C8451002B5A7F /* NoteListTableViewCell.m */; };
		531AD08521CA286000A4B2BC /* EventModel.m in Sources */ = {isa = PBXBuildFile; fileRef = 531AD08421CA286000A4B2BC /* EventModel.m */; };
		531AD08821CA28C700A4B2BC /* EventModelTool.m in Sources */ = {isa = PBXBuildFile; fileRef = 531AD08721CA28C700A4B2BC /* EventModelTool.m */; };
		531AD09421CA411000A4B2BC /* LCDatePickerWindow.m in Sources */ = {isa = PBXBuildFile; fileRef = 531AD09321CA411000A4B2BC /* LCDatePickerWindow.m */; };
		531AD09E21CB414C00A4B2BC /* DoActionSheet.m in Sources */ = {isa = PBXBuildFile; fileRef = 531AD09D21CB414C00A4B2BC /* DoActionSheet.m */; };
		531AD0A221CB7BA600A4B2BC /* LifeCollection.sqlite in Resources */ = {isa = PBXBuildFile; fileRef = 531AD0A121CB7BA600A4B2BC /* LifeCollection.sqlite */; };
		531AD0A521CB7DAC00A4B2BC /* DateFormatter.m in Sources */ = {isa = PBXBuildFile; fileRef = 531AD0A421CB7DAC00A4B2BC /* DateFormatter.m */; };
		531AD0AA21CCAF7D00A4B2BC /* leixing.png in Resources */ = {isa = PBXBuildFile; fileRef = 531AD0A621CCAF7C00A4B2BC /* leixing.png */; };
		531AD0B121CCB27F00A4B2BC /* tixing.png in Resources */ = {isa = PBXBuildFile; fileRef = 531AD0B021CCB27F00A4B2BC /* tixing.png */; };
		531AD0B321CCB36200A4B2BC /* shijian.png in Resources */ = {isa = PBXBuildFile; fileRef = 531AD0B221CCB36200A4B2BC /* shijian.png */; };
		531AD0B721CCB93900A4B2BC /* edit_title.png in Resources */ = {isa = PBXBuildFile; fileRef = 531AD0B621CCB93900A4B2BC /* edit_title.png */; };
		531AD0BA21CCBF1900A4B2BC /* UserViewTableViewCell.m in Sources */ = {isa = PBXBuildFile; fileRef = 531AD0B921CCBF1900A4B2BC /* UserViewTableViewCell.m */; };
		531AD0BE21CCC89300A4B2BC /* logo.png in Resources */ = {isa = PBXBuildFile; fileRef = 531AD0BD21CCC89300A4B2BC /* logo.png */; };
		531AD0C121CCCBAB00A4B2BC /* about_praise.png in Resources */ = {isa = PBXBuildFile; fileRef = 531AD0BF21CCCBAA00A4B2BC /* about_praise.png */; };
		531AD0C221CCCBAB00A4B2BC /* about_criticism.png in Resources */ = {isa = PBXBuildFile; fileRef = 531AD0C021CCCBAA00A4B2BC /* about_criticism.png */; };
		531AD0C621CCD57F00A4B2BC /* summery.png in Resources */ = {isa = PBXBuildFile; fileRef = 531AD0C521CCD57F00A4B2BC /* summery.png */; };
		531AD0C921CCE12300A4B2BC /* LCWebViewViewController.m in Sources */ = {isa = PBXBuildFile; fileRef = 531AD0C821CCE12300A4B2BC /* LCWebViewViewController.m */; };
		531AD0CC21CCE9A200A4B2BC /* AboutDeveloperViewController.m in Sources */ = {isa = PBXBuildFile; fileRef = 531AD0CB21CCE9A200A4B2BC /* AboutDeveloperViewController.m */; };
		531AD0CF21CCF0EF00A4B2BC /* AppListViewController.m in Sources */ = {isa = PBXBuildFile; fileRef = 531AD0CE21CCF0EF00A4B2BC /* AppListViewController.m */; };
		5325DF7A21D08B2100743052 /* FoundViewController.m in Sources */ = {isa = PBXBuildFile; fileRef = 5325DF7921D08B2100743052 /* FoundViewController.m */; };
		5325DF7F21D08C0C00743052 /* tab_bar_found_sel@3x.png in Resources */ = {isa = PBXBuildFile; fileRef = 5325DF7B21D08C0B00743052 /* tab_bar_found_sel@3x.png */; };
		5325DF8021D08C0C00743052 /* tab_bar_found_sel@2x.png in Resources */ = {isa = PBXBuildFile; fileRef = 5325DF7C21D08C0B00743052 /* tab_bar_found_sel@2x.png */; };
		5325DF8121D08C0C00743052 /* tab_bar_found@3x.png in Resources */ = {isa = PBXBuildFile; fileRef = 5325DF7D21D08C0B00743052 /* tab_bar_found@3x.png */; };
		5325DF8221D08C0C00743052 /* tab_bar_found@2x.png in Resources */ = {isa = PBXBuildFile; fileRef = 5325DF7E21D08C0C00743052 /* tab_bar_found@2x.png */; };
		5325DF8521D0BEA000743052 /* FoundTableViewCell.m in Sources */ = {isa = PBXBuildFile; fileRef = 5325DF8421D0BEA000743052 /* FoundTableViewCell.m */; };
		532F8E28223A31BD001A0E11 /* liangjiaoqi.png in Resources */ = {isa = PBXBuildFile; fileRef = 532F8E27223A31BD001A0E11 /* liangjiaoqi.png */; };
		532F8E2A223A31E3001A0E11 /* shuipingyi.png in Resources */ = {isa = PBXBuildFile; fileRef = 532F8E29223A31E2001A0E11 /* shuipingyi.png */; };
		532F8E2C223A31EE001A0E11 /* zaoyin.png in Resources */ = {isa = PBXBuildFile; fileRef = 532F8E2B223A31EE001A0E11 /* zaoyin.png */; };
		532F8E2E223A31F8001A0E11 /* jiaozheng.png in Resources */ = {isa = PBXBuildFile; fileRef = 532F8E2D223A31F7001A0E11 /* jiaozheng.png */; };
		532F8E30223A3217001A0E11 /* chizi.png in Resources */ = {isa = PBXBuildFile; fileRef = 532F8E2F223A3217001A0E11 /* chizi.png */; };
		53349011225B269900DBBA9F /* NoteListViewController.m in Sources */ = {isa = PBXBuildFile; fileRef = 53349010225B269900DBBA9F /* NoteListViewController.m */; };
		53349013225C80BD00DBBA9F /* LifeCollectionNote.sqlite in Resources */ = {isa = PBXBuildFile; fileRef = 53349012225C80BD00DBBA9F /* LifeCollectionNote.sqlite */; };
		53349016225C819800DBBA9F /* NoteModel.m in Sources */ = {isa = PBXBuildFile; fileRef = 53349015225C819800DBBA9F /* NoteModel.m */; };
		53349019225C81AA00DBBA9F /* NoteModelTool.m in Sources */ = {isa = PBXBuildFile; fileRef = 53349018225C81AA00DBBA9F /* NoteModelTool.m */; };
		5356ECF121C7463A00862FE1 /* LCTabBarController.m in Sources */ = {isa = PBXBuildFile; fileRef = 5356ECED21C7463A00862FE1 /* LCTabBarController.m */; };
		5356ECF221C7463A00862FE1 /* LCTabBar.m in Sources */ = {isa = PBXBuildFile; fileRef = 5356ECF021C7463A00862FE1 /* LCTabBar.m */; };
		5356ECF521C7466C00862FE1 /* LCNavigationViewController.m in Sources */ = {isa = PBXBuildFile; fileRef = 5356ECF421C7466C00862FE1 /* LCNavigationViewController.m */; };
		5356ED0421C7471200862FE1 /* guanbi@3x.png in Resources */ = {isa = PBXBuildFile; fileRef = 5356ED0021C7471200862FE1 /* guanbi@3x.png */; };
		5356ED0521C7471200862FE1 /* guanbi@2x.png in Resources */ = {isa = PBXBuildFile; fileRef = 5356ED0121C7471200862FE1 /* guanbi@2x.png */; };
		5356ED0921C7474100862FE1 /* UserViewController.m in Sources */ = {isa = PBXBuildFile; fileRef = 5356ED0821C7474100862FE1 /* UserViewController.m */; };
		5356ED1821C7531D00862FE1 /* tab_bar_home_sel@3x.png in Resources */ = {isa = PBXBuildFile; fileRef = 5356ED1421C7531C00862FE1 /* tab_bar_home_sel@3x.png */; };
		5356ED1921C7531D00862FE1 /* tab_bar_home@3x.png in Resources */ = {isa = PBXBuildFile; fileRef = 5356ED1521C7531C00862FE1 /* tab_bar_home@3x.png */; };
		5356ED1A21C7531D00862FE1 /* tab_bar_home@2x.png in Resources */ = {isa = PBXBuildFile; fileRef = 5356ED1621C7531D00862FE1 /* tab_bar_home@2x.png */; };
		5356ED1B21C7531D00862FE1 /* tab_bar_home_sel@2x.png in Resources */ = {isa = PBXBuildFile; fileRef = 5356ED1721C7531D00862FE1 /* tab_bar_home_sel@2x.png */; };
		5356ED2021C7536200862FE1 /* tab_bar_user@2x.png in Resources */ = {isa = PBXBuildFile; fileRef = 5356ED1C21C7536100862FE1 /* tab_bar_user@2x.png */; };
		5356ED2121C7536200862FE1 /* tab_bar_user@3x.png in Resources */ = {isa = PBXBuildFile; fileRef = 5356ED1D21C7536100862FE1 /* tab_bar_user@3x.png */; };
		5356ED2221C7536200862FE1 /* tab_bar_user_sel@3x.png in Resources */ = {isa = PBXBuildFile; fileRef = 5356ED1E21C7536200862FE1 /* tab_bar_user_sel@3x.png */; };
		5356ED2321C7536200862FE1 /* tab_bar_user_sel@2x.png in Resources */ = {isa = PBXBuildFile; fileRef = 5356ED1F21C7536200862FE1 /* tab_bar_user_sel@2x.png */; };
		5356ED2E21C75F0A00862FE1 /* TimeListTableViewCell.m in Sources */ = {isa = PBXBuildFile; fileRef = 5356ED2D21C75F0A00862FE1 /* TimeListTableViewCell.m */; };
		5356ED3121C7845D00862FE1 /* AddViewController.m in Sources */ = {isa = PBXBuildFile; fileRef = 5356ED3021C7845D00862FE1 /* AddViewController.m */; };
		5357B40A21C38B73009D9333 /* AppDelegate.m in Sources */ = {isa = PBXBuildFile; fileRef = 5357B40921C38B73009D9333 /* AppDelegate.m */; };
		5357B40D21C38B73009D9333 /* HomeViewController.m in Sources */ = {isa = PBXBuildFile; fileRef = 5357B40C21C38B73009D9333 /* HomeViewController.m */; };
		5357B41021C38B73009D9333 /* Main.storyboard in Resources */ = {isa = PBXBuildFile; fileRef = 5357B40E21C38B73009D9333 /* Main.storyboard */; };
		5357B41321C38B73009D9333 /* LifeCollection.xcdatamodeld in Sources */ = {isa = PBXBuildFile; fileRef = 5357B41121C38B73009D9333 /* LifeCollection.xcdatamodeld */; };
		5357B41521C38B74009D9333 /* Assets.xcassets in Resources */ = {isa = PBXBuildFile; fileRef = 5357B41421C38B74009D9333 /* Assets.xcassets */; };
		5357B41821C38B74009D9333 /* LaunchScreen.storyboard in Resources */ = {isa = PBXBuildFile; fileRef = 5357B41621C38B74009D9333 /* LaunchScreen.storyboard */; };
		5357B41B21C38B74009D9333 /* main.m in Sources */ = {isa = PBXBuildFile; fileRef = 5357B41A21C38B74009D9333 /* main.m */; };
		5357B42921C3911B009D9333 /* LCColor.m in Sources */ = {isa = PBXBuildFile; fileRef = 5357B42821C3911B009D9333 /* LCColor.m */; };
		536D0BD721DF4A0400FB0653 /* LCClient.m in Sources */ = {isa = PBXBuildFile; fileRef = 536D0BD621DF4A0400FB0653 /* LCClient.m */; };
		539B3A5F21C7A77700431B7A /* PreviewTableViewCell.m in Sources */ = {isa = PBXBuildFile; fileRef = 539B3A5E21C7A77700431B7A /* PreviewTableViewCell.m */; };
		539B3A6221C7AB1500431B7A /* TextFieldTableViewCell.m in Sources */ = {isa = PBXBuildFile; fileRef = 539B3A6121C7AB1500431B7A /* TextFieldTableViewCell.m */; };
		539B3A6521C7B01300431B7A /* TitleTableViewCell.m in Sources */ = {isa = PBXBuildFile; fileRef = 539B3A6421C7B01300431B7A /* TitleTableViewCell.m */; };
		539B3A6C21C7B57800431B7A /* SelectColorTableViewCell.m in Sources */ = {isa = PBXBuildFile; fileRef = 539B3A6B21C7B57800431B7A /* SelectColorTableViewCell.m */; };
		539B3A8321C8A48C00431B7A /* d_Arrow_left@3x.png in Resources */ = {isa = PBXBuildFile; fileRef = 539B3A7D21C8A48C00431B7A /* d_Arrow_left@3x.png */; };
		539B3A8421C8A48C00431B7A /* add@2x.png in Resources */ = {isa = PBXBuildFile; fileRef = 539B3A7E21C8A48C00431B7A /* add@2x.png */; };
		539B3A8521C8A48C00431B7A /* circleright@2x.png in Resources */ = {isa = PBXBuildFile; fileRef = 539B3A7F21C8A48C00431B7A /* circleright@2x.png */; };
		539B3A8621C8A48C00431B7A /* add@3x.png in Resources */ = {isa = PBXBuildFile; fileRef = 539B3A8021C8A48C00431B7A /* add@3x.png */; };
		539B3A8721C8A48C00431B7A /* circleright@3x.png in Resources */ = {isa = PBXBuildFile; fileRef = 539B3A8121C8A48C00431B7A /* circleright@3x.png */; };
		539B3A8821C8A48C00431B7A /* d_Arrow_left@2x.png in Resources */ = {isa = PBXBuildFile; fileRef = 539B3A8221C8A48C00431B7A /* d_Arrow_left@2x.png */; };
		53AC8E0921D0D02700DD0079 /* FoundListModel.m in Sources */ = {isa = PBXBuildFile; fileRef = 53AC8E0821D0D02700DD0079 /* FoundListModel.m */; };
		53AC8E0C21D1DC9D00DD0079 /* LCRefresh.m in Sources */ = {isa = PBXBuildFile; fileRef = 53AC8E0B21D1DC9D00DD0079 /* LCRefresh.m */; };
		53AC8E1121D2271C00DD0079 /* AppreciatesViewController.m in Sources */ = {isa = PBXBuildFile; fileRef = 53AC8E1021D2271C00DD0079 /* AppreciatesViewController.m */; };
		53AC8E1F21D2310700DD0079 /* WechatIMG1.jpeg in Resources */ = {isa = PBXBuildFile; fileRef = 53AC8E1E21D2310600DD0079 /* WechatIMG1.jpeg */; };
		53AC8E2521D32A3100DD0079 /* StartFigureManager.m in Sources */ = {isa = PBXBuildFile; fileRef = 53AC8E2421D32A3100DD0079 /* StartFigureManager.m */; };
		53AC8E2E21D33E5800DD0079 /* LCSettings.m in Sources */ = {isa = PBXBuildFile; fileRef = 53AC8E2D21D33E5800DD0079 /* LCSettings.m */; };
		53AC8E3821D385ED00DD0079 /* 02.png in Resources */ = {isa = PBXBuildFile; fileRef = 53AC8E3021D385EB00DD0079 /* 02.png */; };
		53AC8E3A21D385ED00DD0079 /* 55.png in Resources */ = {isa = PBXBuildFile; fileRef = 53AC8E3221D385EB00DD0079 /* 55.png */; };
		53AC8E3B21D385ED00DD0079 /* 01.png in Resources */ = {isa = PBXBuildFile; fileRef = 53AC8E3321D385EC00DD0079 /* 01.png */; };
		53AC8E3E21D385ED00DD0079 /* 07.png in Resources */ = {isa = PBXBuildFile; fileRef = 53AC8E3621D385EC00DD0079 /* 07.png */; };
		53AC8E4021D38C3500DD0079 /* 48.png in Resources */ = {isa = PBXBuildFile; fileRef = 53AC8E3F21D38C3400DD0079 /* 48.png */; };
		53AC8E4221D38C6700DD0079 /* 38.png in Resources */ = {isa = PBXBuildFile; fileRef = 53AC8E4121D38C6700DD0079 /* 38.png */; };
		53AC8E4421D38C9E00DD0079 /* 28.png in Resources */ = {isa = PBXBuildFile; fileRef = 53AC8E4321D38C9E00DD0079 /* 28.png */; };
		53AC8E4E21D39AE300DD0079 /* startup.png in Resources */ = {isa = PBXBuildFile; fileRef = 53AC8E4D21D39AE300DD0079 /* startup.png */; };
		53B7FC2522360CBE0052D63C /* ToolViewController.m in Sources */ = {isa = PBXBuildFile; fileRef = 53B7FC2422360CBE0052D63C /* ToolViewController.m */; };
		53B7FC3C223617160052D63C /* tab_bar_tool@2x.png in Resources */ = {isa = PBXBuildFile; fileRef = 53B7FC38223617150052D63C /* tab_bar_tool@2x.png */; };
		53B7FC3D223617160052D63C /* tab_bar_tool_sel@2x.png in Resources */ = {isa = PBXBuildFile; fileRef = 53B7FC39223617150052D63C /* tab_bar_tool_sel@2x.png */; };
		53B7FC3E223617160052D63C /* tab_bar_tool_sel@3x.png in Resources */ = {isa = PBXBuildFile; fileRef = 53B7FC3A223617150052D63C /* tab_bar_tool_sel@3x.png */; };
		53B7FC3F223617160052D63C /* tab_bar_tool@3x.png in Resources */ = {isa = PBXBuildFile; fileRef = 53B7FC3B223617150052D63C /* tab_bar_tool@3x.png */; };
		53B7FC422236479B0052D63C /* ToolCollectionViewCell.m in Sources */ = {isa = PBXBuildFile; fileRef = 53B7FC412236479B0052D63C /* ToolCollectionViewCell.m */; };
		53B7FC4822366A650052D63C /* haha.png in Resources */ = {isa = PBXBuildFile; fileRef = 53B7FC4722366A640052D63C /* haha.png */; };
		53B7FC4B223798BF0052D63C /* LCProtractorViewController.m in Sources */ = {isa = PBXBuildFile; fileRef = 53B7FC4A223798BF0052D63C /* LCProtractorViewController.m */; };
		53B7FC4D223799370052D63C /* UIControl+Block_Handle.m in Sources */ = {isa = PBXBuildFile; fileRef = 53B7FC4C223799370052D63C /* UIControl+Block_Handle.m */; };
		53B7FC5222379BF60052D63C /* suoding@2x.png in Resources */ = {isa = PBXBuildFile; fileRef = 53B7FC5022379BF60052D63C /* suoding@2x.png */; };
		53B7FC5322379BF60052D63C /* suoding@3x.png in Resources */ = {isa = PBXBuildFile; fileRef = 53B7FC5122379BF60052D63C /* suoding@3x.png */; };
		53B7FC5822379C520052D63C /* jia0du_quxiao@3x.png in Resources */ = {isa = PBXBuildFile; fileRef = 53B7FC5422379C520052D63C /* jia0du_quxiao@3x.png */; };
		53B7FC5922379C520052D63C /* paishe@2x.png in Resources */ = {isa = PBXBuildFile; fileRef = 53B7FC5522379C520052D63C /* paishe@2x.png */; };
		53B7FC5A22379C520052D63C /* paishe@3x.png in Resources */ = {isa = PBXBuildFile; fileRef = 53B7FC5622379C520052D63C /* paishe@3x.png */; };
		53B7FC5B22379C520052D63C /* jia0du_quxiao@2x.png in Resources */ = {isa = PBXBuildFile; fileRef = 53B7FC5722379C520052D63C /* jia0du_quxiao@2x.png */; };
		53B7FC6022379CCB0052D63C /* tool_fanhui@3x.png in Resources */ = {isa = PBXBuildFile; fileRef = 53B7FC5C22379CCB0052D63C /* tool_fanhui@3x.png */; };
		53B7FC6122379CCB0052D63C /* tool_fanhui_left@2x.png in Resources */ = {isa = PBXBuildFile; fileRef = 53B7FC5D22379CCB0052D63C /* tool_fanhui_left@2x.png */; };
		53B7FC6222379CCB0052D63C /* tool_fanhui_left@3x.png in Resources */ = {isa = PBXBuildFile; fileRef = 53B7FC5E22379CCB0052D63C /* tool_fanhui_left@3x.png */; };
		53B7FC6322379CCB0052D63C /* tool_fanhui@2x.png in Resources */ = {isa = PBXBuildFile; fileRef = 53B7FC5F22379CCB0052D63C /* tool_fanhui@2x.png */; };
		53B7FC6622379FC30052D63C /* LCLevelViewController.m in Sources */ = {isa = PBXBuildFile; fileRef = 53B7FC6522379FC30052D63C /* LCLevelViewController.m */; };
		53B7FC692237A0110052D63C /* LCCompassManage.m in Sources */ = {isa = PBXBuildFile; fileRef = 53B7FC682237A0110052D63C /* LCCompassManage.m */; };
		53B7FC6E2237A0AC0052D63C /* spy@2x.png in Resources */ = {isa = PBXBuildFile; fileRef = 53B7FC6A2237A0AB0052D63C /* spy@2x.png */; };
		53B7FC6F2237A0AC0052D63C /* spy-bg@3x.png in Resources */ = {isa = PBXBuildFile; fileRef = 53B7FC6B2237A0AB0052D63C /* spy-bg@3x.png */; };
		53B7FC702237A0AC0052D63C /* spy-bg@2x.png in Resources */ = {isa = PBXBuildFile; fileRef = 53B7FC6C2237A0AB0052D63C /* spy-bg@2x.png */; };
		53B7FC712237A0AC0052D63C /* spy@3x.png in Resources */ = {isa = PBXBuildFile; fileRef = 53B7FC6D2237A0AC0052D63C /* spy@3x.png */; };
		53B7FC742237A1800052D63C /* LCNoiseViewController.m in Sources */ = {isa = PBXBuildFile; fileRef = 53B7FC732237A1800052D63C /* LCNoiseViewController.m */; };
		53B7FC792237A1F00052D63C /* zz@3x.png in Resources */ = {isa = PBXBuildFile; fileRef = 53B7FC752237A1EF0052D63C /* zz@3x.png */; };
		53B7FC7A2237A1F00052D63C /* zp@2x.png in Resources */ = {isa = PBXBuildFile; fileRef = 53B7FC762237A1EF0052D63C /* zp@2x.png */; };
		53B7FC7B2237A1F00052D63C /* zp@3x.png in Resources */ = {isa = PBXBuildFile; fileRef = 53B7FC772237A1F00052D63C /* zp@3x.png */; };
		53B7FC7C2237A1F00052D63C /* zz@2x.png in Resources */ = {isa = PBXBuildFile; fileRef = 53B7FC782237A1F00052D63C /* zz@2x.png */; };
		53B7FC7F2237A22A0052D63C /* cezao-bg@2x.png in Resources */ = {isa = PBXBuildFile; fileRef = 53B7FC7D2237A22A0052D63C /* cezao-bg@2x.png */; };
		53B7FC802237A22A0052D63C /* cezao-bg@3x.png in Resources */ = {isa = PBXBuildFile; fileRef = 53B7FC7E2237A22A0052D63C /* cezao-bg@3x.png */; };
		53B7FC832237A4720052D63C /* LCCorrectViewController.m in Sources */ = {isa = PBXBuildFile; fileRef = 53B7FC822237A4720052D63C /* LCCorrectViewController.m */; };
		53B7FC862237A5250052D63C /* guhua@2x.png in Resources */ = {isa = PBXBuildFile; fileRef = 53B7FC842237A5250052D63C /* guhua@2x.png */; };
		53B7FC872237A5250052D63C /* guhua@3x.png in Resources */ = {isa = PBXBuildFile; fileRef = 53B7FC852237A5250052D63C /* guhua@3x.png */; };
		53B7FC8A2237A57C0052D63C /* LCRuleViewController.m in Sources */ = {isa = PBXBuildFile; fileRef = 53B7FC892237A57C0052D63C /* LCRuleViewController.m */; };
		53B7FC8D2237A5D60052D63C /* LCRulesLineView.m in Sources */ = {isa = PBXBuildFile; fileRef = 53B7FC8C2237A5D60052D63C /* LCRulesLineView.m */; };
		53B7FC902237A6020052D63C /* LCRulesLineMovingView.m in Sources */ = {isa = PBXBuildFile; fileRef = 53B7FC8F2237A6020052D63C /* LCRulesLineMovingView.m */; };
		53B7FC932237A64C0052D63C /* LCRulesLineModel.m in Sources */ = {isa = PBXBuildFile; fileRef = 53B7FC922237A64C0052D63C /* LCRulesLineModel.m */; };
		53B7FC962237A7F20052D63C /* zhichizhixiang@2x.png in Resources */ = {isa = PBXBuildFile; fileRef = 53B7FC942237A7F20052D63C /* zhichizhixiang@2x.png */; };
		53B7FC972237A7F20052D63C /* zhichizhixiang@3x.png in Resources */ = {isa = PBXBuildFile; fileRef = 53B7FC952237A7F20052D63C /* zhichizhixiang@3x.png */; };
		855A42587625B7BB03CD4F6E /* Pods_LifeCollection.framework in Frameworks */ = {isa = PBXBuildFile; fileRef = E969EF071FF62323FD55A93A /* Pods_LifeCollection.framework */; };
/* End PBXBuildFile section */

/* Begin PBXFileReference section */
		5303626A225C8451002B5A7F /* NoteListTableViewCell.h */ = {isa = PBXFileReference; lastKnownFileType = sourcecode.c.h; path = NoteListTableViewCell.h; sourceTree = "<group>"; };
		5303626B225C8451002B5A7F /* NoteListTableViewCell.m */ = {isa = PBXFileReference; lastKnownFileType = sourcecode.c.objc; path = NoteListTableViewCell.m; sourceTree = "<group>"; };
		531AD08321CA286000A4B2BC /* EventModel.h */ = {isa = PBXFileReference; lastKnownFileType = sourcecode.c.h; path = EventModel.h; sourceTree = "<group>"; };
		531AD08421CA286000A4B2BC /* EventModel.m */ = {isa = PBXFileReference; lastKnownFileType = sourcecode.c.objc; path = EventModel.m; sourceTree = "<group>"; };
		531AD08621CA28C700A4B2BC /* EventModelTool.h */ = {isa = PBXFileReference; lastKnownFileType = sourcecode.c.h; path = EventModelTool.h; sourceTree = "<group>"; };
		531AD08721CA28C700A4B2BC /* EventModelTool.m */ = {isa = PBXFileReference; lastKnownFileType = sourcecode.c.objc; path = EventModelTool.m; sourceTree = "<group>"; };
		531AD09221CA411000A4B2BC /* LCDatePickerWindow.h */ = {isa = PBXFileReference; lastKnownFileType = sourcecode.c.h; path = LCDatePickerWindow.h; sourceTree = "<group>"; };
		531AD09321CA411000A4B2BC /* LCDatePickerWindow.m */ = {isa = PBXFileReference; lastKnownFileType = sourcecode.c.objc; path = LCDatePickerWindow.m; sourceTree = "<group>"; };
		531AD09C21CB414C00A4B2BC /* DoActionSheet.h */ = {isa = PBXFileReference; fileEncoding = 4; lastKnownFileType = sourcecode.c.h; path = DoActionSheet.h; sourceTree = "<group>"; };
		531AD09D21CB414C00A4B2BC /* DoActionSheet.m */ = {isa = PBXFileReference; fileEncoding = 4; lastKnownFileType = sourcecode.c.objc; path = DoActionSheet.m; sourceTree = "<group>"; };
		531AD0A121CB7BA600A4B2BC /* LifeCollection.sqlite */ = {isa = PBXFileReference; lastKnownFileType = file; path = LifeCollection.sqlite; sourceTree = "<group>"; };
		531AD0A321CB7DAC00A4B2BC /* DateFormatter.h */ = {isa = PBXFileReference; lastKnownFileType = sourcecode.c.h; path = DateFormatter.h; sourceTree = "<group>"; };
		531AD0A421CB7DAC00A4B2BC /* DateFormatter.m */ = {isa = PBXFileReference; lastKnownFileType = sourcecode.c.objc; path = DateFormatter.m; sourceTree = "<group>"; };
		531AD0A621CCAF7C00A4B2BC /* leixing.png */ = {isa = PBXFileReference; lastKnownFileType = image.png; path = leixing.png; sourceTree = "<group>"; };
		531AD0B021CCB27F00A4B2BC /* tixing.png */ = {isa = PBXFileReference; lastKnownFileType = image.png; path = tixing.png; sourceTree = "<group>"; };
		531AD0B221CCB36200A4B2BC /* shijian.png */ = {isa = PBXFileReference; lastKnownFileType = image.png; path = shijian.png; sourceTree = "<group>"; };
		531AD0B621CCB93900A4B2BC /* edit_title.png */ = {isa = PBXFileReference; lastKnownFileType = image.png; path = edit_title.png; sourceTree = "<group>"; };
		531AD0B821CCBF1900A4B2BC /* UserViewTableViewCell.h */ = {isa = PBXFileReference; lastKnownFileType = sourcecode.c.h; path = UserViewTableViewCell.h; sourceTree = "<group>"; };
		531AD0B921CCBF1900A4B2BC /* UserViewTableViewCell.m */ = {isa = PBXFileReference; lastKnownFileType = sourcecode.c.objc; path = UserViewTableViewCell.m; sourceTree = "<group>"; };
		531AD0BD21CCC89300A4B2BC /* logo.png */ = {isa = PBXFileReference; lastKnownFileType = image.png; path = logo.png; sourceTree = "<group>"; };
		531AD0BF21CCCBAA00A4B2BC /* about_praise.png */ = {isa = PBXFileReference; lastKnownFileType = image.png; path = about_praise.png; sourceTree = "<group>"; };
		531AD0C021CCCBAA00A4B2BC /* about_criticism.png */ = {isa = PBXFileReference; lastKnownFileType = image.png; path = about_criticism.png; sourceTree = "<group>"; };
		531AD0C521CCD57F00A4B2BC /* summery.png */ = {isa = PBXFileReference; lastKnownFileType = image.png; path = summery.png; sourceTree = "<group>"; };
		531AD0C721CCE12300A4B2BC /* LCWebViewViewController.h */ = {isa = PBXFileReference; lastKnownFileType = sourcecode.c.h; path = LCWebViewViewController.h; sourceTree = "<group>"; };
		531AD0C821CCE12300A4B2BC /* LCWebViewViewController.m */ = {isa = PBXFileReference; lastKnownFileType = sourcecode.c.objc; path = LCWebViewViewController.m; sourceTree = "<group>"; };
		531AD0CA21CCE9A200A4B2BC /* AboutDeveloperViewController.h */ = {isa = PBXFileReference; lastKnownFileType = sourcecode.c.h; path = AboutDeveloperViewController.h; sourceTree = "<group>"; };
		531AD0CB21CCE9A200A4B2BC /* AboutDeveloperViewController.m */ = {isa = PBXFileReference; lastKnownFileType = sourcecode.c.objc; path = AboutDeveloperViewController.m; sourceTree = "<group>"; };
		531AD0CD21CCF0EF00A4B2BC /* AppListViewController.h */ = {isa = PBXFileReference; lastKnownFileType = sourcecode.c.h; path = AppListViewController.h; sourceTree = "<group>"; };
		531AD0CE21CCF0EF00A4B2BC /* AppListViewController.m */ = {isa = PBXFileReference; lastKnownFileType = sourcecode.c.objc; path = AppListViewController.m; sourceTree = "<group>"; };
		5325DF7821D08B2100743052 /* FoundViewController.h */ = {isa = PBXFileReference; lastKnownFileType = sourcecode.c.h; path = FoundViewController.h; sourceTree = "<group>"; };
		5325DF7921D08B2100743052 /* FoundViewController.m */ = {isa = PBXFileReference; lastKnownFileType = sourcecode.c.objc; path = FoundViewController.m; sourceTree = "<group>"; };
		5325DF7B21D08C0B00743052 /* tab_bar_found_sel@3x.png */ = {isa = PBXFileReference; lastKnownFileType = image.png; path = "tab_bar_found_sel@3x.png"; sourceTree = "<group>"; };
		5325DF7C21D08C0B00743052 /* tab_bar_found_sel@2x.png */ = {isa = PBXFileReference; lastKnownFileType = image.png; path = "tab_bar_found_sel@2x.png"; sourceTree = "<group>"; };
		5325DF7D21D08C0B00743052 /* tab_bar_found@3x.png */ = {isa = PBXFileReference; lastKnownFileType = image.png; path = "tab_bar_found@3x.png"; sourceTree = "<group>"; };
		5325DF7E21D08C0C00743052 /* tab_bar_found@2x.png */ = {isa = PBXFileReference; lastKnownFileType = image.png; path = "tab_bar_found@2x.png"; sourceTree = "<group>"; };
		5325DF8321D0BEA000743052 /* FoundTableViewCell.h */ = {isa = PBXFileReference; lastKnownFileType = sourcecode.c.h; path = FoundTableViewCell.h; sourceTree = "<group>"; };
		5325DF8421D0BEA000743052 /* FoundTableViewCell.m */ = {isa = PBXFileReference; lastKnownFileType = sourcecode.c.objc; path = FoundTableViewCell.m; sourceTree = "<group>"; };
		532F8E27223A31BD001A0E11 /* liangjiaoqi.png */ = {isa = PBXFileReference; lastKnownFileType = image.png; path = liangjiaoqi.png; sourceTree = "<group>"; };
		532F8E29223A31E2001A0E11 /* shuipingyi.png */ = {isa = PBXFileReference; lastKnownFileType = image.png; path = shuipingyi.png; sourceTree = "<group>"; };
		532F8E2B223A31EE001A0E11 /* zaoyin.png */ = {isa = PBXFileReference; lastKnownFileType = image.png; path = zaoyin.png; sourceTree = "<group>"; };
		532F8E2D223A31F7001A0E11 /* jiaozheng.png */ = {isa = PBXFileReference; lastKnownFileType = image.png; path = jiaozheng.png; sourceTree = "<group>"; };
		532F8E2F223A3217001A0E11 /* chizi.png */ = {isa = PBXFileReference; lastKnownFileType = image.png; path = chizi.png; sourceTree = "<group>"; };
		5334900F225B269900DBBA9F /* NoteListViewController.h */ = {isa = PBXFileReference; lastKnownFileType = sourcecode.c.h; path = NoteListViewController.h; sourceTree = "<group>"; };
		53349010225B269900DBBA9F /* NoteListViewController.m */ = {isa = PBXFileReference; lastKnownFileType = sourcecode.c.objc; path = NoteListViewController.m; sourceTree = "<group>"; };
		53349012225C80BD00DBBA9F /* LifeCollectionNote.sqlite */ = {isa = PBXFileReference; lastKnownFileType = file; path = LifeCollectionNote.sqlite; sourceTree = "<group>"; };
		53349014225C819700DBBA9F /* NoteModel.h */ = {isa = PBXFileReference; lastKnownFileType = sourcecode.c.h; path = NoteModel.h; sourceTree = "<group>"; };
		53349015225C819800DBBA9F /* NoteModel.m */ = {isa = PBXFileReference; lastKnownFileType = sourcecode.c.objc; path = NoteModel.m; sourceTree = "<group>"; };
		53349017225C81AA00DBBA9F /* NoteModelTool.h */ = {isa = PBXFileReference; lastKnownFileType = sourcecode.c.h; path = NoteModelTool.h; sourceTree = "<group>"; };
		53349018225C81AA00DBBA9F /* NoteModelTool.m */ = {isa = PBXFileReference; lastKnownFileType = sourcecode.c.objc; path = NoteModelTool.m; sourceTree = "<group>"; };
		5356ECED21C7463A00862FE1 /* LCTabBarController.m */ = {isa = PBXFileReference; fileEncoding = 4; lastKnownFileType = sourcecode.c.objc; path = LCTabBarController.m; sourceTree = "<group>"; };
		5356ECEE21C7463A00862FE1 /* LCTabBar.h */ = {isa = PBXFileReference; fileEncoding = 4; lastKnownFileType = sourcecode.c.h; path = LCTabBar.h; sourceTree = "<group>"; };
		5356ECEF21C7463A00862FE1 /* LCTabBarController.h */ = {isa = PBXFileReference; fileEncoding = 4; lastKnownFileType = sourcecode.c.h; path = LCTabBarController.h; sourceTree = "<group>"; };
		5356ECF021C7463A00862FE1 /* LCTabBar.m */ = {isa = PBXFileReference; fileEncoding = 4; lastKnownFileType = sourcecode.c.objc; path = LCTabBar.m; sourceTree = "<group>"; };
		5356ECF321C7466B00862FE1 /* LCNavigationViewController.h */ = {isa = PBXFileReference; fileEncoding = 4; lastKnownFileType = sourcecode.c.h; path = LCNavigationViewController.h; sourceTree = "<group>"; };
		5356ECF421C7466C00862FE1 /* LCNavigationViewController.m */ = {isa = PBXFileReference; fileEncoding = 4; lastKnownFileType = sourcecode.c.objc; path = LCNavigationViewController.m; sourceTree = "<group>"; };
		5356ED0021C7471200862FE1 /* guanbi@3x.png */ = {isa = PBXFileReference; lastKnownFileType = image.png; path = "guanbi@3x.png"; sourceTree = "<group>"; };
		5356ED0121C7471200862FE1 /* guanbi@2x.png */ = {isa = PBXFileReference; lastKnownFileType = image.png; path = "guanbi@2x.png"; sourceTree = "<group>"; };
		5356ED0721C7474100862FE1 /* UserViewController.h */ = {isa = PBXFileReference; lastKnownFileType = sourcecode.c.h; path = UserViewController.h; sourceTree = "<group>"; };
		5356ED0821C7474100862FE1 /* UserViewController.m */ = {isa = PBXFileReference; lastKnownFileType = sourcecode.c.objc; path = UserViewController.m; sourceTree = "<group>"; };
		5356ED1221C7498100862FE1 /* LifeCollectionPrefixHeader.pch */ = {isa = PBXFileReference; lastKnownFileType = sourcecode.c.h; path = LifeCollectionPrefixHeader.pch; sourceTree = "<group>"; };
		5356ED1321C749B800862FE1 /* LifeCollectionHeader.h */ = {isa = PBXFileReference; lastKnownFileType = sourcecode.c.h; path = LifeCollectionHeader.h; sourceTree = "<group>"; };
		5356ED1421C7531C00862FE1 /* tab_bar_home_sel@3x.png */ = {isa = PBXFileReference; lastKnownFileType = image.png; path = "tab_bar_home_sel@3x.png"; sourceTree = "<group>"; };
		5356ED1521C7531C00862FE1 /* tab_bar_home@3x.png */ = {isa = PBXFileReference; lastKnownFileType = image.png; path = "tab_bar_home@3x.png"; sourceTree = "<group>"; };
		5356ED1621C7531D00862FE1 /* tab_bar_home@2x.png */ = {isa = PBXFileReference; lastKnownFileType = image.png; path = "tab_bar_home@2x.png"; sourceTree = "<group>"; };
		5356ED1721C7531D00862FE1 /* tab_bar_home_sel@2x.png */ = {isa = PBXFileReference; lastKnownFileType = image.png; path = "tab_bar_home_sel@2x.png"; sourceTree = "<group>"; };
		5356ED1C21C7536100862FE1 /* tab_bar_user@2x.png */ = {isa = PBXFileReference; lastKnownFileType = image.png; path = "tab_bar_user@2x.png"; sourceTree = "<group>"; };
		5356ED1D21C7536100862FE1 /* tab_bar_user@3x.png */ = {isa = PBXFileReference; lastKnownFileType = image.png; path = "tab_bar_user@3x.png"; sourceTree = "<group>"; };
		5356ED1E21C7536200862FE1 /* tab_bar_user_sel@3x.png */ = {isa = PBXFileReference; lastKnownFileType = image.png; path = "tab_bar_user_sel@3x.png"; sourceTree = "<group>"; };
		5356ED1F21C7536200862FE1 /* tab_bar_user_sel@2x.png */ = {isa = PBXFileReference; lastKnownFileType = image.png; path = "tab_bar_user_sel@2x.png"; sourceTree = "<group>"; };
		5356ED2C21C75F0A00862FE1 /* TimeListTableViewCell.h */ = {isa = PBXFileReference; lastKnownFileType = sourcecode.c.h; path = TimeListTableViewCell.h; sourceTree = "<group>"; };
		5356ED2D21C75F0A00862FE1 /* TimeListTableViewCell.m */ = {isa = PBXFileReference; lastKnownFileType = sourcecode.c.objc; path = TimeListTableViewCell.m; sourceTree = "<group>"; };
		5356ED2F21C7845D00862FE1 /* AddViewController.h */ = {isa = PBXFileReference; lastKnownFileType = sourcecode.c.h; path = AddViewController.h; sourceTree = "<group>"; };
		5356ED3021C7845D00862FE1 /* AddViewController.m */ = {isa = PBXFileReference; lastKnownFileType = sourcecode.c.objc; path = AddViewController.m; sourceTree = "<group>"; };
		5357B40521C38B73009D9333 /* LifeCollection.app */ = {isa = PBXFileReference; explicitFileType = wrapper.application; includeInIndex = 0; path = LifeCollection.app; sourceTree = BUILT_PRODUCTS_DIR; };
		5357B40821C38B73009D9333 /* AppDelegate.h */ = {isa = PBXFileReference; lastKnownFileType = sourcecode.c.h; path = AppDelegate.h; sourceTree = "<group>"; };
		5357B40921C38B73009D9333 /* AppDelegate.m */ = {isa = PBXFileReference; lastKnownFileType = sourcecode.c.objc; path = AppDelegate.m; sourceTree = "<group>"; };
		5357B40B21C38B73009D9333 /* HomeViewController.h */ = {isa = PBXFileReference; lastKnownFileType = sourcecode.c.h; path = HomeViewController.h; sourceTree = "<group>"; };
		5357B40C21C38B73009D9333 /* HomeViewController.m */ = {isa = PBXFileReference; lastKnownFileType = sourcecode.c.objc; path = HomeViewController.m; sourceTree = "<group>"; };
		5357B40F21C38B73009D9333 /* Base */ = {isa = PBXFileReference; lastKnownFileType = file.storyboard; name = Base; path = Base.lproj/Main.storyboard; sourceTree = "<group>"; };
		5357B41221C38B73009D9333 /* LifeCollection.xcdatamodel */ = {isa = PBXFileReference; lastKnownFileType = wrapper.xcdatamodel; path = LifeCollection.xcdatamodel; sourceTree = "<group>"; };
		5357B41421C38B74009D9333 /* Assets.xcassets */ = {isa = PBXFileReference; lastKnownFileType = folder.assetcatalog; path = Assets.xcassets; sourceTree = "<group>"; };
		5357B41721C38B74009D9333 /* Base */ = {isa = PBXFileReference; lastKnownFileType = file.storyboard; name = Base; path = Base.lproj/LaunchScreen.storyboard; sourceTree = "<group>"; };
		5357B41921C38B74009D9333 /* Info.plist */ = {isa = PBXFileReference; lastKnownFileType = text.plist.xml; path = Info.plist; sourceTree = "<group>"; };
		5357B41A21C38B74009D9333 /* main.m */ = {isa = PBXFileReference; lastKnownFileType = sourcecode.c.objc; path = main.m; sourceTree = "<group>"; };
		5357B42721C3911B009D9333 /* LCColor.h */ = {isa = PBXFileReference; lastKnownFileType = sourcecode.c.h; path = LCColor.h; sourceTree = "<group>"; };
		5357B42821C3911B009D9333 /* LCColor.m */ = {isa = PBXFileReference; lastKnownFileType = sourcecode.c.objc; path = LCColor.m; sourceTree = "<group>"; };
		536D0BD321DF41E600FB0653 /* LocalAuthentication.framework */ = {isa = PBXFileReference; lastKnownFileType = wrapper.framework; name = LocalAuthentication.framework; path = System/Library/Frameworks/LocalAuthentication.framework; sourceTree = SDKROOT; };
		536D0BD521DF4A0400FB0653 /* LCClient.h */ = {isa = PBXFileReference; lastKnownFileType = sourcecode.c.h; path = LCClient.h; sourceTree = "<group>"; };
		536D0BD621DF4A0400FB0653 /* LCClient.m */ = {isa = PBXFileReference; lastKnownFileType = sourcecode.c.objc; path = LCClient.m; sourceTree = "<group>"; };
		539B3A5D21C7A77700431B7A /* PreviewTableViewCell.h */ = {isa = PBXFileReference; lastKnownFileType = sourcecode.c.h; path = PreviewTableViewCell.h; sourceTree = "<group>"; };
		539B3A5E21C7A77700431B7A /* PreviewTableViewCell.m */ = {isa = PBXFileReference; lastKnownFileType = sourcecode.c.objc; path = PreviewTableViewCell.m; sourceTree = "<group>"; };
		539B3A6021C7AB1500431B7A /* TextFieldTableViewCell.h */ = {isa = PBXFileReference; lastKnownFileType = sourcecode.c.h; path = TextFieldTableViewCell.h; sourceTree = "<group>"; };
		539B3A6121C7AB1500431B7A /* TextFieldTableViewCell.m */ = {isa = PBXFileReference; lastKnownFileType = sourcecode.c.objc; path = TextFieldTableViewCell.m; sourceTree = "<group>"; };
		539B3A6321C7B01300431B7A /* TitleTableViewCell.h */ = {isa = PBXFileReference; lastKnownFileType = sourcecode.c.h; path = TitleTableViewCell.h; sourceTree = "<group>"; };
		539B3A6421C7B01300431B7A /* TitleTableViewCell.m */ = {isa = PBXFileReference; lastKnownFileType = sourcecode.c.objc; path = TitleTableViewCell.m; sourceTree = "<group>"; };
		539B3A6A21C7B57800431B7A /* SelectColorTableViewCell.h */ = {isa = PBXFileReference; lastKnownFileType = sourcecode.c.h; path = SelectColorTableViewCell.h; sourceTree = "<group>"; };
		539B3A6B21C7B57800431B7A /* SelectColorTableViewCell.m */ = {isa = PBXFileReference; lastKnownFileType = sourcecode.c.objc; path = SelectColorTableViewCell.m; sourceTree = "<group>"; };
		539B3A7D21C8A48C00431B7A /* d_Arrow_left@3x.png */ = {isa = PBXFileReference; lastKnownFileType = image.png; path = "d_Arrow_left@3x.png"; sourceTree = "<group>"; };
		539B3A7E21C8A48C00431B7A /* add@2x.png */ = {isa = PBXFileReference; lastKnownFileType = image.png; path = "add@2x.png"; sourceTree = "<group>"; };
		539B3A7F21C8A48C00431B7A /* circleright@2x.png */ = {isa = PBXFileReference; lastKnownFileType = image.png; path = "circleright@2x.png"; sourceTree = "<group>"; };
		539B3A8021C8A48C00431B7A /* add@3x.png */ = {isa = PBXFileReference; lastKnownFileType = image.png; path = "add@3x.png"; sourceTree = "<group>"; };
		539B3A8121C8A48C00431B7A /* circleright@3x.png */ = {isa = PBXFileReference; lastKnownFileType = image.png; path = "circleright@3x.png"; sourceTree = "<group>"; };
		539B3A8221C8A48C00431B7A /* d_Arrow_left@2x.png */ = {isa = PBXFileReference; lastKnownFileType = image.png; path = "d_Arrow_left@2x.png"; sourceTree = "<group>"; };
		53AC8E0721D0D02700DD0079 /* FoundListModel.h */ = {isa = PBXFileReference; lastKnownFileType = sourcecode.c.h; path = FoundListModel.h; sourceTree = "<group>"; };
		53AC8E0821D0D02700DD0079 /* FoundListModel.m */ = {isa = PBXFileReference; lastKnownFileType = sourcecode.c.objc; path = FoundListModel.m; sourceTree = "<group>"; };
		53AC8E0A21D1DC9D00DD0079 /* LCRefresh.h */ = {isa = PBXFileReference; lastKnownFileType = sourcecode.c.h; path = LCRefresh.h; sourceTree = "<group>"; };
		53AC8E0B21D1DC9D00DD0079 /* LCRefresh.m */ = {isa = PBXFileReference; lastKnownFileType = sourcecode.c.objc; path = LCRefresh.m; sourceTree = "<group>"; };
		53AC8E0F21D2271C00DD0079 /* AppreciatesViewController.h */ = {isa = PBXFileReference; lastKnownFileType = sourcecode.c.h; path = AppreciatesViewController.h; sourceTree = "<group>"; };
		53AC8E1021D2271C00DD0079 /* AppreciatesViewController.m */ = {isa = PBXFileReference; lastKnownFileType = sourcecode.c.objc; path = AppreciatesViewController.m; sourceTree = "<group>"; };
		53AC8E1E21D2310600DD0079 /* WechatIMG1.jpeg */ = {isa = PBXFileReference; lastKnownFileType = image.jpeg; path = WechatIMG1.jpeg; sourceTree = "<group>"; };
		53AC8E2321D32A3100DD0079 /* StartFigureManager.h */ = {isa = PBXFileReference; lastKnownFileType = sourcecode.c.h; path = StartFigureManager.h; sourceTree = "<group>"; };
		53AC8E2421D32A3100DD0079 /* StartFigureManager.m */ = {isa = PBXFileReference; lastKnownFileType = sourcecode.c.objc; path = StartFigureManager.m; sourceTree = "<group>"; };
		53AC8E2C21D33E5800DD0079 /* LCSettings.h */ = {isa = PBXFileReference; lastKnownFileType = sourcecode.c.h; path = LCSettings.h; sourceTree = "<group>"; };
		53AC8E2D21D33E5800DD0079 /* LCSettings.m */ = {isa = PBXFileReference; lastKnownFileType = sourcecode.c.objc; path = LCSettings.m; sourceTree = "<group>"; };
		53AC8E3021D385EB00DD0079 /* 02.png */ = {isa = PBXFileReference; lastKnownFileType = image.png; path = 02.png; sourceTree = "<group>"; };
		53AC8E3221D385EB00DD0079 /* 55.png */ = {isa = PBXFileReference; lastKnownFileType = image.png; path = 55.png; sourceTree = "<group>"; };
		53AC8E3321D385EC00DD0079 /* 01.png */ = {isa = PBXFileReference; lastKnownFileType = image.png; path = 01.png; sourceTree = "<group>"; };
		53AC8E3621D385EC00DD0079 /* 07.png */ = {isa = PBXFileReference; lastKnownFileType = image.png; path = 07.png; sourceTree = "<group>"; };
		53AC8E3F21D38C3400DD0079 /* 48.png */ = {isa = PBXFileReference; lastKnownFileType = image.png; path = 48.png; sourceTree = "<group>"; };
		53AC8E4121D38C6700DD0079 /* 38.png */ = {isa = PBXFileReference; lastKnownFileType = image.png; path = 38.png; sourceTree = "<group>"; };
		53AC8E4321D38C9E00DD0079 /* 28.png */ = {isa = PBXFileReference; lastKnownFileType = image.png; path = 28.png; sourceTree = "<group>"; };
		53AC8E4D21D39AE300DD0079 /* startup.png */ = {isa = PBXFileReference; lastKnownFileType = image.png; path = startup.png; sourceTree = "<group>"; };
		53B7FC2322360CBE0052D63C /* ToolViewController.h */ = {isa = PBXFileReference; lastKnownFileType = sourcecode.c.h; path = ToolViewController.h; sourceTree = "<group>"; };
		53B7FC2422360CBE0052D63C /* ToolViewController.m */ = {isa = PBXFileReference; lastKnownFileType = sourcecode.c.objc; path = ToolViewController.m; sourceTree = "<group>"; };
		53B7FC38223617150052D63C /* tab_bar_tool@2x.png */ = {isa = PBXFileReference; lastKnownFileType = image.png; path = "tab_bar_tool@2x.png"; sourceTree = "<group>"; };
		53B7FC39223617150052D63C /* tab_bar_tool_sel@2x.png */ = {isa = PBXFileReference; lastKnownFileType = image.png; path = "tab_bar_tool_sel@2x.png"; sourceTree = "<group>"; };
		53B7FC3A223617150052D63C /* tab_bar_tool_sel@3x.png */ = {isa = PBXFileReference; lastKnownFileType = image.png; path = "tab_bar_tool_sel@3x.png"; sourceTree = "<group>"; };
		53B7FC3B223617150052D63C /* tab_bar_tool@3x.png */ = {isa = PBXFileReference; lastKnownFileType = image.png; path = "tab_bar_tool@3x.png"; sourceTree = "<group>"; };
		53B7FC402236479B0052D63C /* ToolCollectionViewCell.h */ = {isa = PBXFileReference; lastKnownFileType = sourcecode.c.h; path = ToolCollectionViewCell.h; sourceTree = "<group>"; };
		53B7FC412236479B0052D63C /* ToolCollectionViewCell.m */ = {isa = PBXFileReference; lastKnownFileType = sourcecode.c.objc; path = ToolCollectionViewCell.m; sourceTree = "<group>"; };
		53B7FC4722366A640052D63C /* haha.png */ = {isa = PBXFileReference; lastKnownFileType = image.png; path = haha.png; sourceTree = "<group>"; };
		53B7FC49223798BF0052D63C /* LCProtractorViewController.h */ = {isa = PBXFileReference; lastKnownFileType = sourcecode.c.h; path = LCProtractorViewController.h; sourceTree = "<group>"; };
		53B7FC4A223798BF0052D63C /* LCProtractorViewController.m */ = {isa = PBXFileReference; lastKnownFileType = sourcecode.c.objc; path = LCProtractorViewController.m; sourceTree = "<group>"; };
		53B7FC4C223799370052D63C /* UIControl+Block_Handle.m */ = {isa = PBXFileReference; fileEncoding = 4; lastKnownFileType = sourcecode.c.objc; path = "UIControl+Block_Handle.m"; sourceTree = "<group>"; };
		53B7FC4E223799790052D63C /* UIControl+Block_Handle.h */ = {isa = PBXFileReference; fileEncoding = 4; lastKnownFileType = sourcecode.c.h; path = "UIControl+Block_Handle.h"; sourceTree = "<group>"; };
		53B7FC5022379BF60052D63C /* suoding@2x.png */ = {isa = PBXFileReference; lastKnownFileType = image.png; path = "suoding@2x.png"; sourceTree = "<group>"; };
		53B7FC5122379BF60052D63C /* suoding@3x.png */ = {isa = PBXFileReference; lastKnownFileType = image.png; path = "suoding@3x.png"; sourceTree = "<group>"; };
		53B7FC5422379C520052D63C /* jia0du_quxiao@3x.png */ = {isa = PBXFileReference; lastKnownFileType = image.png; path = "jia0du_quxiao@3x.png"; sourceTree = "<group>"; };
		53B7FC5522379C520052D63C /* paishe@2x.png */ = {isa = PBXFileReference; lastKnownFileType = image.png; path = "paishe@2x.png"; sourceTree = "<group>"; };
		53B7FC5622379C520052D63C /* paishe@3x.png */ = {isa = PBXFileReference; lastKnownFileType = image.png; path = "paishe@3x.png"; sourceTree = "<group>"; };
		53B7FC5722379C520052D63C /* jia0du_quxiao@2x.png */ = {isa = PBXFileReference; lastKnownFileType = image.png; path = "jia0du_quxiao@2x.png"; sourceTree = "<group>"; };
		53B7FC5C22379CCB0052D63C /* tool_fanhui@3x.png */ = {isa = PBXFileReference; lastKnownFileType = image.png; path = "tool_fanhui@3x.png"; sourceTree = "<group>"; };
		53B7FC5D22379CCB0052D63C /* tool_fanhui_left@2x.png */ = {isa = PBXFileReference; lastKnownFileType = image.png; path = "tool_fanhui_left@2x.png"; sourceTree = "<group>"; };
		53B7FC5E22379CCB0052D63C /* tool_fanhui_left@3x.png */ = {isa = PBXFileReference; lastKnownFileType = image.png; path = "tool_fanhui_left@3x.png"; sourceTree = "<group>"; };
		53B7FC5F22379CCB0052D63C /* tool_fanhui@2x.png */ = {isa = PBXFileReference; lastKnownFileType = image.png; path = "tool_fanhui@2x.png"; sourceTree = "<group>"; };
		53B7FC6422379FC30052D63C /* LCLevelViewController.h */ = {isa = PBXFileReference; lastKnownFileType = sourcecode.c.h; path = LCLevelViewController.h; sourceTree = "<group>"; };
		53B7FC6522379FC30052D63C /* LCLevelViewController.m */ = {isa = PBXFileReference; lastKnownFileType = sourcecode.c.objc; path = LCLevelViewController.m; sourceTree = "<group>"; };
		53B7FC672237A0110052D63C /* LCCompassManage.h */ = {isa = PBXFileReference; lastKnownFileType = sourcecode.c.h; path = LCCompassManage.h; sourceTree = "<group>"; };
		53B7FC682237A0110052D63C /* LCCompassManage.m */ = {isa = PBXFileReference; lastKnownFileType = sourcecode.c.objc; path = LCCompassManage.m; sourceTree = "<group>"; };
		53B7FC6A2237A0AB0052D63C /* spy@2x.png */ = {isa = PBXFileReference; lastKnownFileType = image.png; path = "spy@2x.png"; sourceTree = "<group>"; };
		53B7FC6B2237A0AB0052D63C /* spy-bg@3x.png */ = {isa = PBXFileReference; lastKnownFileType = image.png; path = "spy-bg@3x.png"; sourceTree = "<group>"; };
		53B7FC6C2237A0AB0052D63C /* spy-bg@2x.png */ = {isa = PBXFileReference; lastKnownFileType = image.png; path = "spy-bg@2x.png"; sourceTree = "<group>"; };
		53B7FC6D2237A0AC0052D63C /* spy@3x.png */ = {isa = PBXFileReference; lastKnownFileType = image.png; path = "spy@3x.png"; sourceTree = "<group>"; };
		53B7FC722237A1800052D63C /* LCNoiseViewController.h */ = {isa = PBXFileReference; lastKnownFileType = sourcecode.c.h; path = LCNoiseViewController.h; sourceTree = "<group>"; };
		53B7FC732237A1800052D63C /* LCNoiseViewController.m */ = {isa = PBXFileReference; lastKnownFileType = sourcecode.c.objc; path = LCNoiseViewController.m; sourceTree = "<group>"; };
		53B7FC752237A1EF0052D63C /* zz@3x.png */ = {isa = PBXFileReference; lastKnownFileType = image.png; path = "zz@3x.png"; sourceTree = "<group>"; };
		53B7FC762237A1EF0052D63C /* zp@2x.png */ = {isa = PBXFileReference; lastKnownFileType = image.png; path = "zp@2x.png"; sourceTree = "<group>"; };
		53B7FC772237A1F00052D63C /* zp@3x.png */ = {isa = PBXFileReference; lastKnownFileType = image.png; path = "zp@3x.png"; sourceTree = "<group>"; };
		53B7FC782237A1F00052D63C /* zz@2x.png */ = {isa = PBXFileReference; lastKnownFileType = image.png; path = "zz@2x.png"; sourceTree = "<group>"; };
		53B7FC7D2237A22A0052D63C /* cezao-bg@2x.png */ = {isa = PBXFileReference; lastKnownFileType = image.png; path = "cezao-bg@2x.png"; sourceTree = "<group>"; };
		53B7FC7E2237A22A0052D63C /* cezao-bg@3x.png */ = {isa = PBXFileReference; lastKnownFileType = image.png; path = "cezao-bg@3x.png"; sourceTree = "<group>"; };
		53B7FC812237A4720052D63C /* LCCorrectViewController.h */ = {isa = PBXFileReference; lastKnownFileType = sourcecode.c.h; path = LCCorrectViewController.h; sourceTree = "<group>"; };
		53B7FC822237A4720052D63C /* LCCorrectViewController.m */ = {isa = PBXFileReference; lastKnownFileType = sourcecode.c.objc; path = LCCorrectViewController.m; sourceTree = "<group>"; };
		53B7FC842237A5250052D63C /* guhua@2x.png */ = {isa = PBXFileReference; lastKnownFileType = image.png; path = "guhua@2x.png"; sourceTree = "<group>"; };
		53B7FC852237A5250052D63C /* guhua@3x.png */ = {isa = PBXFileReference; lastKnownFileType = image.png; path = "guhua@3x.png"; sourceTree = "<group>"; };
		53B7FC882237A57C0052D63C /* LCRuleViewController.h */ = {isa = PBXFileReference; lastKnownFileType = sourcecode.c.h; path = LCRuleViewController.h; sourceTree = "<group>"; };
		53B7FC892237A57C0052D63C /* LCRuleViewController.m */ = {isa = PBXFileReference; lastKnownFileType = sourcecode.c.objc; path = LCRuleViewController.m; sourceTree = "<group>"; };
		53B7FC8B2237A5D60052D63C /* LCRulesLineView.h */ = {isa = PBXFileReference; lastKnownFileType = sourcecode.c.h; path = LCRulesLineView.h; sourceTree = "<group>"; };
		53B7FC8C2237A5D60052D63C /* LCRulesLineView.m */ = {isa = PBXFileReference; lastKnownFileType = sourcecode.c.objc; path = LCRulesLineView.m; sourceTree = "<group>"; };
		53B7FC8E2237A6020052D63C /* LCRulesLineMovingView.h */ = {isa = PBXFileReference; lastKnownFileType = sourcecode.c.h; path = LCRulesLineMovingView.h; sourceTree = "<group>"; };
		53B7FC8F2237A6020052D63C /* LCRulesLineMovingView.m */ = {isa = PBXFileReference; lastKnownFileType = sourcecode.c.objc; path = LCRulesLineMovingView.m; sourceTree = "<group>"; };
		53B7FC912237A64C0052D63C /* LCRulesLineModel.h */ = {isa = PBXFileReference; lastKnownFileType = sourcecode.c.h; path = LCRulesLineModel.h; sourceTree = "<group>"; };
		53B7FC922237A64C0052D63C /* LCRulesLineModel.m */ = {isa = PBXFileReference; lastKnownFileType = sourcecode.c.objc; path = LCRulesLineModel.m; sourceTree = "<group>"; };
		53B7FC942237A7F20052D63C /* zhichizhixiang@2x.png */ = {isa = PBXFileReference; lastKnownFileType = image.png; path = "zhichizhixiang@2x.png"; sourceTree = "<group>"; };
		53B7FC952237A7F20052D63C /* zhichizhixiang@3x.png */ = {isa = PBXFileReference; lastKnownFileType = image.png; path = "zhichizhixiang@3x.png"; sourceTree = "<group>"; };
		A46CB81A40A90EFAE12EAFA2 /* Pods-LifeCollection.debug.xcconfig */ = {isa = PBXFileReference; includeInIndex = 1; lastKnownFileType = text.xcconfig; name = "Pods-LifeCollection.debug.xcconfig"; path = "Pods/Target Support Files/Pods-LifeCollection/Pods-LifeCollection.debug.xcconfig"; sourceTree = "<group>"; };
		DAB28567032FA38DDC677DEE /* Pods-LifeCollection.release.xcconfig */ = {isa = PBXFileReference; includeInIndex = 1; lastKnownFileType = text.xcconfig; name = "Pods-LifeCollection.release.xcconfig"; path = "Pods/Target Support Files/Pods-LifeCollection/Pods-LifeCollection.release.xcconfig"; sourceTree = "<group>"; };
		E969EF071FF62323FD55A93A /* Pods_LifeCollection.framework */ = {isa = PBXFileReference; explicitFileType = wrapper.framework; includeInIndex = 0; path = Pods_LifeCollection.framework; sourceTree = BUILT_PRODUCTS_DIR; };
/* End PBXFileReference section */

/* Begin PBXFrameworksBuildPhase section */
		5357B40221C38B73009D9333 /* Frameworks */ = {
			isa = PBXFrameworksBuildPhase;
			buildActionMask = 2147483647;
			files = (
				855A42587625B7BB03CD4F6E /* Pods_LifeCollection.framework in Frameworks */,
			);
			runOnlyForDeploymentPostprocessing = 0;
		};
/* End PBXFrameworksBuildPhase section */

/* Begin PBXGroup section */
		0C8790F08621332121D8810D /* Pods */ = {
			isa = PBXGroup;
			children = (
				A46CB81A40A90EFAE12EAFA2 /* Pods-LifeCollection.debug.xcconfig */,
				DAB28567032FA38DDC677DEE /* Pods-LifeCollection.release.xcconfig */,
			);
			name = Pods;
			sourceTree = "<group>";
		};
		531AD07521C9EA7200A4B2BC /* Model */ = {
			isa = PBXGroup;
			children = (
				53349014225C819700DBBA9F /* NoteModel.h */,
				53349015225C819800DBBA9F /* NoteModel.m */,
				53349017225C81AA00DBBA9F /* NoteModelTool.h */,
				53349018225C81AA00DBBA9F /* NoteModelTool.m */,
				531AD08321CA286000A4B2BC /* EventModel.h */,
				531AD08421CA286000A4B2BC /* EventModel.m */,
				531AD08621CA28C700A4B2BC /* EventModelTool.h */,
				531AD08721CA28C700A4B2BC /* EventModelTool.m */,
				53AC8E0721D0D02700DD0079 /* FoundListModel.h */,
				53AC8E0821D0D02700DD0079 /* FoundListModel.m */,
				53B7FC672237A0110052D63C /* LCCompassManage.h */,
				53B7FC682237A0110052D63C /* LCCompassManage.m */,
				53B7FC912237A64C0052D63C /* LCRulesLineModel.h */,
				53B7FC922237A64C0052D63C /* LCRulesLineModel.m */,
			);
			path = Model;
			sourceTree = "<group>";
		};
		531AD07621C9EA8C00A4B2BC /* Library */ = {
			isa = PBXGroup;
			children = (
				53B7FC4E223799790052D63C /* UIControl+Block_Handle.h */,
				53B7FC4C223799370052D63C /* UIControl+Block_Handle.m */,
				531AD09521CB37FE00A4B2BC /* DoActionSheet */,
			);
			path = Library;
			sourceTree = "<group>";
		};
		531AD08021C9F09500A4B2BC /* SQLfile */ = {
			isa = PBXGroup;
			children = (
				531AD0A121CB7BA600A4B2BC /* LifeCollection.sqlite */,
				53349012225C80BD00DBBA9F /* LifeCollectionNote.sqlite */,
			);
			path = SQLfile;
			sourceTree = "<group>";
		};
		531AD09521CB37FE00A4B2BC /* DoActionSheet */ = {
			isa = PBXGroup;
			children = (
				531AD09C21CB414C00A4B2BC /* DoActionSheet.h */,
				531AD09D21CB414C00A4B2BC /* DoActionSheet.m */,
			);
			path = DoActionSheet;
			sourceTree = "<group>";
		};
		5334900E225B266100DBBA9F /* Note */ = {
			isa = PBXGroup;
			children = (
				5334900F225B269900DBBA9F /* NoteListViewController.h */,
				53349010225B269900DBBA9F /* NoteListViewController.m */,
			);
			path = Note;
			sourceTree = "<group>";
		};
		5356ECF621C7469C00862FE1 /* Resources */ = {
			isa = PBXGroup;
			children = (
				53B7FC4F22379BD20052D63C /* Tool */,
				53B7FC4722366A640052D63C /* haha.png */,
				53AC8E4D21D39AE300DD0079 /* startup.png */,
				53AC8E3321D385EC00DD0079 /* 01.png */,
				53AC8E3021D385EB00DD0079 /* 02.png */,
				53AC8E3621D385EC00DD0079 /* 07.png */,
				53AC8E4321D38C9E00DD0079 /* 28.png */,
				53AC8E4121D38C6700DD0079 /* 38.png */,
				53AC8E3F21D38C3400DD0079 /* 48.png */,
				53AC8E3221D385EB00DD0079 /* 55.png */,
				53AC8E1E21D2310600DD0079 /* WechatIMG1.jpeg */,
				531AD0C521CCD57F00A4B2BC /* summery.png */,
				531AD0C021CCCBAA00A4B2BC /* about_criticism.png */,
				531AD0BF21CCCBAA00A4B2BC /* about_praise.png */,
				531AD0BD21CCC89300A4B2BC /* logo.png */,
				531AD0A621CCAF7C00A4B2BC /* leixing.png */,
				531AD0B021CCB27F00A4B2BC /* tixing.png */,
				531AD0B221CCB36200A4B2BC /* shijian.png */,
				531AD0B621CCB93900A4B2BC /* edit_title.png */,
				53B7FC39223617150052D63C /* tab_bar_tool_sel@2x.png */,
				53B7FC3A223617150052D63C /* tab_bar_tool_sel@3x.png */,
				53B7FC38223617150052D63C /* tab_bar_tool@2x.png */,
				53B7FC3B223617150052D63C /* tab_bar_tool@3x.png */,
				5356ED1721C7531D00862FE1 /* tab_bar_home_sel@2x.png */,
				5356ED1421C7531C00862FE1 /* tab_bar_home_sel@3x.png */,
				5356ED1621C7531D00862FE1 /* tab_bar_home@2x.png */,
				5356ED1521C7531C00862FE1 /* tab_bar_home@3x.png */,
				5356ED1F21C7536200862FE1 /* tab_bar_user_sel@2x.png */,
				5356ED1E21C7536200862FE1 /* tab_bar_user_sel@3x.png */,
				5356ED1C21C7536100862FE1 /* tab_bar_user@2x.png */,
				5356ED1D21C7536100862FE1 /* tab_bar_user@3x.png */,
				5325DF7C21D08C0B00743052 /* tab_bar_found_sel@2x.png */,
				5325DF7B21D08C0B00743052 /* tab_bar_found_sel@3x.png */,
				5325DF7E21D08C0C00743052 /* tab_bar_found@2x.png */,
				5325DF7D21D08C0B00743052 /* tab_bar_found@3x.png */,
				539B3A7E21C8A48C00431B7A /* add@2x.png */,
				539B3A8021C8A48C00431B7A /* add@3x.png */,
				539B3A7F21C8A48C00431B7A /* circleright@2x.png */,
				539B3A8121C8A48C00431B7A /* circleright@3x.png */,
				539B3A8221C8A48C00431B7A /* d_Arrow_left@2x.png */,
				539B3A7D21C8A48C00431B7A /* d_Arrow_left@3x.png */,
				5356ED0121C7471200862FE1 /* guanbi@2x.png */,
				5356ED0021C7471200862FE1 /* guanbi@3x.png */,
			);
			path = Resources;
			sourceTree = "<group>";
		};
		5357B3FC21C38B73009D9333 = {
			isa = PBXGroup;
			children = (
				5357B40721C38B73009D9333 /* LifeCollection */,
				5357B40621C38B73009D9333 /* Products */,
				0C8790F08621332121D8810D /* Pods */,
				DD5677F4BB641C2F91264A51 /* Frameworks */,
			);
			sourceTree = "<group>";
		};
		5357B40621C38B73009D9333 /* Products */ = {
			isa = PBXGroup;
			children = (
				5357B40521C38B73009D9333 /* LifeCollection.app */,
			);
			name = Products;
			sourceTree = "<group>";
		};
		5357B40721C38B73009D9333 /* LifeCollection */ = {
			isa = PBXGroup;
			children = (
				5357B40821C38B73009D9333 /* AppDelegate.h */,
				5357B40921C38B73009D9333 /* AppDelegate.m */,
				5356ED1221C7498100862FE1 /* LifeCollectionPrefixHeader.pch */,
				5356ED1321C749B800862FE1 /* LifeCollectionHeader.h */,
				53AC8E2321D32A3100DD0079 /* StartFigureManager.h */,
				53AC8E2421D32A3100DD0079 /* StartFigureManager.m */,
				5357B40E21C38B73009D9333 /* Main.storyboard */,
				5357B41421C38B74009D9333 /* Assets.xcassets */,
				5357B41621C38B74009D9333 /* LaunchScreen.storyboard */,
				5357B41921C38B74009D9333 /* Info.plist */,
				5357B41A21C38B74009D9333 /* main.m */,
				5357B41121C38B73009D9333 /* LifeCollection.xcdatamodeld */,
				5357B42221C38CB5009D9333 /* View */,
				531AD07521C9EA7200A4B2BC /* Model */,
				5357B42121C38CAD009D9333 /* Controller */,
				531AD07621C9EA8C00A4B2BC /* Library */,
				5357B42521C3903B009D9333 /* Util */,
				5356ECF621C7469C00862FE1 /* Resources */,
			);
			path = LifeCollection;
			sourceTree = "<group>";
		};
		5357B42121C38CAD009D9333 /* Controller */ = {
			isa = PBXGroup;
			children = (
				5334900E225B266100DBBA9F /* Note */,
				53B7FC2222360C990052D63C /* Tool */,
				5357B40B21C38B73009D9333 /* HomeViewController.h */,
				5357B40C21C38B73009D9333 /* HomeViewController.m */,
				5356ED2F21C7845D00862FE1 /* AddViewController.h */,
				5356ED3021C7845D00862FE1 /* AddViewController.m */,
				5356ED0721C7474100862FE1 /* UserViewController.h */,
				5356ED0821C7474100862FE1 /* UserViewController.m */,
				531AD0CA21CCE9A200A4B2BC /* AboutDeveloperViewController.h */,
				531AD0CB21CCE9A200A4B2BC /* AboutDeveloperViewController.m */,
				531AD0CD21CCF0EF00A4B2BC /* AppListViewController.h */,
				531AD0CE21CCF0EF00A4B2BC /* AppListViewController.m */,
				531AD0C721CCE12300A4B2BC /* LCWebViewViewController.h */,
				531AD0C821CCE12300A4B2BC /* LCWebViewViewController.m */,
				5325DF7821D08B2100743052 /* FoundViewController.h */,
				5325DF7921D08B2100743052 /* FoundViewController.m */,
				53AC8E0F21D2271C00DD0079 /* AppreciatesViewController.h */,
				53AC8E1021D2271C00DD0079 /* AppreciatesViewController.m */,
			);
			path = Controller;
			sourceTree = "<group>";
		};
		5357B42221C38CB5009D9333 /* View */ = {
			isa = PBXGroup;
			children = (
				5356ED2C21C75F0A00862FE1 /* TimeListTableViewCell.h */,
				5356ED2D21C75F0A00862FE1 /* TimeListTableViewCell.m */,
				5303626A225C8451002B5A7F /* NoteListTableViewCell.h */,
				5303626B225C8451002B5A7F /* NoteListTableViewCell.m */,
				539B3A5D21C7A77700431B7A /* PreviewTableViewCell.h */,
				539B3A5E21C7A77700431B7A /* PreviewTableViewCell.m */,
				539B3A6021C7AB1500431B7A /* TextFieldTableViewCell.h */,
				539B3A6121C7AB1500431B7A /* TextFieldTableViewCell.m */,
				539B3A6321C7B01300431B7A /* TitleTableViewCell.h */,
				539B3A6421C7B01300431B7A /* TitleTableViewCell.m */,
				539B3A6A21C7B57800431B7A /* SelectColorTableViewCell.h */,
				539B3A6B21C7B57800431B7A /* SelectColorTableViewCell.m */,
				531AD0B821CCBF1900A4B2BC /* UserViewTableViewCell.h */,
				531AD0B921CCBF1900A4B2BC /* UserViewTableViewCell.m */,
				5325DF8321D0BEA000743052 /* FoundTableViewCell.h */,
				5325DF8421D0BEA000743052 /* FoundTableViewCell.m */,
				53B7FC402236479B0052D63C /* ToolCollectionViewCell.h */,
				53B7FC412236479B0052D63C /* ToolCollectionViewCell.m */,
				53B7FC8B2237A5D60052D63C /* LCRulesLineView.h */,
				53B7FC8C2237A5D60052D63C /* LCRulesLineView.m */,
				53B7FC8E2237A6020052D63C /* LCRulesLineMovingView.h */,
				53B7FC8F2237A6020052D63C /* LCRulesLineMovingView.m */,
			);
			path = View;
			sourceTree = "<group>";
		};
		5357B42521C3903B009D9333 /* Util */ = {
			isa = PBXGroup;
			children = (
				531AD08021C9F09500A4B2BC /* SQLfile */,
				536D0BD521DF4A0400FB0653 /* LCClient.h */,
				536D0BD621DF4A0400FB0653 /* LCClient.m */,
				5356ECF321C7466B00862FE1 /* LCNavigationViewController.h */,
				5356ECF421C7466C00862FE1 /* LCNavigationViewController.m */,
				5356ECEF21C7463A00862FE1 /* LCTabBarController.h */,
				5356ECED21C7463A00862FE1 /* LCTabBarController.m */,
				5356ECEE21C7463A00862FE1 /* LCTabBar.h */,
				5356ECF021C7463A00862FE1 /* LCTabBar.m */,
				5357B42721C3911B009D9333 /* LCColor.h */,
				5357B42821C3911B009D9333 /* LCColor.m */,
				531AD09221CA411000A4B2BC /* LCDatePickerWindow.h */,
				531AD09321CA411000A4B2BC /* LCDatePickerWindow.m */,
				531AD0A321CB7DAC00A4B2BC /* DateFormatter.h */,
				531AD0A421CB7DAC00A4B2BC /* DateFormatter.m */,
				53AC8E0A21D1DC9D00DD0079 /* LCRefresh.h */,
				53AC8E0B21D1DC9D00DD0079 /* LCRefresh.m */,
				53AC8E2C21D33E5800DD0079 /* LCSettings.h */,
				53AC8E2D21D33E5800DD0079 /* LCSettings.m */,
			);
			path = Util;
			sourceTree = "<group>";
		};
		53B7FC2222360C990052D63C /* Tool */ = {
			isa = PBXGroup;
			children = (
				53B7FC2322360CBE0052D63C /* ToolViewController.h */,
				53B7FC2422360CBE0052D63C /* ToolViewController.m */,
				53B7FC49223798BF0052D63C /* LCProtractorViewController.h */,
				53B7FC4A223798BF0052D63C /* LCProtractorViewController.m */,
				53B7FC6422379FC30052D63C /* LCLevelViewController.h */,
				53B7FC6522379FC30052D63C /* LCLevelViewController.m */,
				53B7FC722237A1800052D63C /* LCNoiseViewController.h */,
				53B7FC732237A1800052D63C /* LCNoiseViewController.m */,
				53B7FC812237A4720052D63C /* LCCorrectViewController.h */,
				53B7FC822237A4720052D63C /* LCCorrectViewController.m */,
				53B7FC882237A57C0052D63C /* LCRuleViewController.h */,
				53B7FC892237A57C0052D63C /* LCRuleViewController.m */,
			);
			path = Tool;
			sourceTree = "<group>";
		};
		53B7FC4F22379BD20052D63C /* Tool */ = {
			isa = PBXGroup;
			children = (
				532F8E2F223A3217001A0E11 /* chizi.png */,
				532F8E2D223A31F7001A0E11 /* jiaozheng.png */,
				532F8E2B223A31EE001A0E11 /* zaoyin.png */,
				532F8E29223A31E2001A0E11 /* shuipingyi.png */,
				532F8E27223A31BD001A0E11 /* liangjiaoqi.png */,
				53B7FC942237A7F20052D63C /* zhichizhixiang@2x.png */,
				53B7FC952237A7F20052D63C /* zhichizhixiang@3x.png */,
				53B7FC842237A5250052D63C /* guhua@2x.png */,
				53B7FC852237A5250052D63C /* guhua@3x.png */,
				53B7FC7D2237A22A0052D63C /* cezao-bg@2x.png */,
				53B7FC7E2237A22A0052D63C /* cezao-bg@3x.png */,
				53B7FC762237A1EF0052D63C /* zp@2x.png */,
				53B7FC772237A1F00052D63C /* zp@3x.png */,
				53B7FC782237A1F00052D63C /* zz@2x.png */,
				53B7FC752237A1EF0052D63C /* zz@3x.png */,
				53B7FC6C2237A0AB0052D63C /* spy-bg@2x.png */,
				53B7FC6B2237A0AB0052D63C /* spy-bg@3x.png */,
				53B7FC6A2237A0AB0052D63C /* spy@2x.png */,
				53B7FC6D2237A0AC0052D63C /* spy@3x.png */,
				53B7FC5D22379CCB0052D63C /* tool_fanhui_left@2x.png */,
				53B7FC5E22379CCB0052D63C /* tool_fanhui_left@3x.png */,
				53B7FC5F22379CCB0052D63C /* tool_fanhui@2x.png */,
				53B7FC5C22379CCB0052D63C /* tool_fanhui@3x.png */,
				53B7FC5722379C520052D63C /* jia0du_quxiao@2x.png */,
				53B7FC5422379C520052D63C /* jia0du_quxiao@3x.png */,
				53B7FC5522379C520052D63C /* paishe@2x.png */,
				53B7FC5622379C520052D63C /* paishe@3x.png */,
				53B7FC5022379BF60052D63C /* suoding@2x.png */,
				53B7FC5122379BF60052D63C /* suoding@3x.png */,
			);
			path = Tool;
			sourceTree = "<group>";
		};
		DD5677F4BB641C2F91264A51 /* Frameworks */ = {
			isa = PBXGroup;
			children = (
				536D0BD321DF41E600FB0653 /* LocalAuthentication.framework */,
				E969EF071FF62323FD55A93A /* Pods_LifeCollection.framework */,
			);
			name = Frameworks;
			sourceTree = "<group>";
		};
/* End PBXGroup section */

/* Begin PBXNativeTarget section */
		5357B40421C38B73009D9333 /* LifeCollection */ = {
			isa = PBXNativeTarget;
			buildConfigurationList = 5357B41E21C38B74009D9333 /* Build configuration list for PBXNativeTarget "LifeCollection" */;
			buildPhases = (
				22EDE81A6AB224BF6B4295F9 /* [CP] Check Pods Manifest.lock */,
				5357B40121C38B73009D9333 /* Sources */,
				5357B40221C38B73009D9333 /* Frameworks */,
				5357B40321C38B73009D9333 /* Resources */,
				20881100C90916140521F00F /* [CP] Embed Pods Frameworks */,
				5353817121D4F09100946D86 /* ShellScript */,
			);
			buildRules = (
			);
			dependencies = (
			);
			name = LifeCollection;
			productName = LifeCollection;
			productReference = 5357B40521C38B73009D9333 /* LifeCollection.app */;
			productType = "com.apple.product-type.application";
		};
/* End PBXNativeTarget section */

/* Begin PBXProject section */
		5357B3FD21C38B73009D9333 /* Project object */ = {
			isa = PBXProject;
			attributes = {
				LastUpgradeCheck = 1010;
				ORGANIZATIONNAME = com.longdai;
				TargetAttributes = {
					5357B40421C38B73009D9333 = {
						CreatedOnToolsVersion = 10.1;
					};
				};
			};
			buildConfigurationList = 5357B40021C38B73009D9333 /* Build configuration list for PBXProject "LifeCollection" */;
			compatibilityVersion = "Xcode 9.3";
			developmentRegion = en;
			hasScannedForEncodings = 0;
			knownRegions = (
				en,
				Base,
			);
			mainGroup = 5357B3FC21C38B73009D9333;
			productRefGroup = 5357B40621C38B73009D9333 /* Products */;
			projectDirPath = "";
			projectRoot = "";
			targets = (
				5357B40421C38B73009D9333 /* LifeCollection */,
			);
		};
/* End PBXProject section */

/* Begin PBXResourcesBuildPhase section */
		5357B40321C38B73009D9333 /* Resources */ = {
			isa = PBXResourcesBuildPhase;
			buildActionMask = 2147483647;
			files = (
				53B7FC872237A5250052D63C /* guhua@3x.png in Resources */,
				53AC8E4021D38C3500DD0079 /* 48.png in Resources */,
				531AD0B121CCB27F00A4B2BC /* tixing.png in Resources */,
				5357B41821C38B74009D9333 /* LaunchScreen.storyboard in Resources */,
				53B7FC862237A5250052D63C /* guhua@2x.png in Resources */,
				53B7FC5A22379C520052D63C /* paishe@3x.png in Resources */,
				531AD0A221CB7BA600A4B2BC /* LifeCollection.sqlite in Resources */,
				539B3A8621C8A48C00431B7A /* add@3x.png in Resources */,
				532F8E2C223A31EE001A0E11 /* zaoyin.png in Resources */,
				531AD0C621CCD57F00A4B2BC /* summery.png in Resources */,
				53B7FC7B2237A1F00052D63C /* zp@3x.png in Resources */,
				53349013225C80BD00DBBA9F /* LifeCollectionNote.sqlite in Resources */,
				53AC8E3B21D385ED00DD0079 /* 01.png in Resources */,
				53B7FC7A2237A1F00052D63C /* zp@2x.png in Resources */,
				5356ED2221C7536200862FE1 /* tab_bar_user_sel@3x.png in Resources */,
				5356ED2021C7536200862FE1 /* tab_bar_user@2x.png in Resources */,
				5356ED0421C7471200862FE1 /* guanbi@3x.png in Resources */,
				5356ED2121C7536200862FE1 /* tab_bar_user@3x.png in Resources */,
				53B7FC5B22379C520052D63C /* jia0du_quxiao@2x.png in Resources */,
				539B3A8821C8A48C00431B7A /* d_Arrow_left@2x.png in Resources */,
				53B7FC3E223617160052D63C /* tab_bar_tool_sel@3x.png in Resources */,
				539B3A8721C8A48C00431B7A /* circleright@3x.png in Resources */,
				53AC8E3821D385ED00DD0079 /* 02.png in Resources */,
				53B7FC3C223617160052D63C /* tab_bar_tool@2x.png in Resources */,
				531AD0AA21CCAF7D00A4B2BC /* leixing.png in Resources */,
				5357B41521C38B74009D9333 /* Assets.xcassets in Resources */,
				53B7FC6122379CCB0052D63C /* tool_fanhui_left@2x.png in Resources */,
				53B7FC792237A1F00052D63C /* zz@3x.png in Resources */,
				5356ED0521C7471200862FE1 /* guanbi@2x.png in Resources */,
				5356ED2321C7536200862FE1 /* tab_bar_user_sel@2x.png in Resources */,
				53B7FC7C2237A1F00052D63C /* zz@2x.png in Resources */,
				5356ED1921C7531D00862FE1 /* tab_bar_home@3x.png in Resources */,
				53AC8E4221D38C6700DD0079 /* 38.png in Resources */,
				5325DF8021D08C0C00743052 /* tab_bar_found_sel@2x.png in Resources */,
				53B7FC4822366A650052D63C /* haha.png in Resources */,
				53AC8E3A21D385ED00DD0079 /* 55.png in Resources */,
				53B7FC712237A0AC0052D63C /* spy@3x.png in Resources */,
				53AC8E4E21D39AE300DD0079 /* startup.png in Resources */,
				531AD0C121CCCBAB00A4B2BC /* about_praise.png in Resources */,
				53B7FC802237A22A0052D63C /* cezao-bg@3x.png in Resources */,
				53B7FC3F223617160052D63C /* tab_bar_tool@3x.png in Resources */,
				53B7FC6F2237A0AC0052D63C /* spy-bg@3x.png in Resources */,
				53B7FC7F2237A22A0052D63C /* cezao-bg@2x.png in Resources */,
				5356ED1B21C7531D00862FE1 /* tab_bar_home_sel@2x.png in Resources */,
				531AD0BE21CCC89300A4B2BC /* logo.png in Resources */,
				531AD0B721CCB93900A4B2BC /* edit_title.png in Resources */,
				5357B41021C38B73009D9333 /* Main.storyboard in Resources */,
				5325DF8121D08C0C00743052 /* tab_bar_found@3x.png in Resources */,
				5325DF8221D08C0C00743052 /* tab_bar_found@2x.png in Resources */,
				53AC8E1F21D2310700DD0079 /* WechatIMG1.jpeg in Resources */,
				53B7FC5222379BF60052D63C /* suoding@2x.png in Resources */,
				539B3A8421C8A48C00431B7A /* add@2x.png in Resources */,
				53B7FC5322379BF60052D63C /* suoding@3x.png in Resources */,
				53B7FC6222379CCB0052D63C /* tool_fanhui_left@3x.png in Resources */,
				532F8E2E223A31F8001A0E11 /* jiaozheng.png in Resources */,
				53B7FC972237A7F20052D63C /* zhichizhixiang@3x.png in Resources */,
				53B7FC6E2237A0AC0052D63C /* spy@2x.png in Resources */,
				531AD0C221CCCBAB00A4B2BC /* about_criticism.png in Resources */,
				53B7FC6022379CCB0052D63C /* tool_fanhui@3x.png in Resources */,
				53AC8E4421D38C9E00DD0079 /* 28.png in Resources */,
				5356ED1A21C7531D00862FE1 /* tab_bar_home@2x.png in Resources */,
				532F8E30223A3217001A0E11 /* chizi.png in Resources */,
				532F8E2A223A31E3001A0E11 /* shuipingyi.png in Resources */,
				531AD0B321CCB36200A4B2BC /* shijian.png in Resources */,
				53B7FC6322379CCB0052D63C /* tool_fanhui@2x.png in Resources */,
				53B7FC3D223617160052D63C /* tab_bar_tool_sel@2x.png in Resources */,
				53B7FC702237A0AC0052D63C /* spy-bg@2x.png in Resources */,
				5356ED1821C7531D00862FE1 /* tab_bar_home_sel@3x.png in Resources */,
				539B3A8321C8A48C00431B7A /* d_Arrow_left@3x.png in Resources */,
				532F8E28223A31BD001A0E11 /* liangjiaoqi.png in Resources */,
				53AC8E3E21D385ED00DD0079 /* 07.png in Resources */,
				5325DF7F21D08C0C00743052 /* tab_bar_found_sel@3x.png in Resources */,
				53B7FC5822379C520052D63C /* jia0du_quxiao@3x.png in Resources */,
				53B7FC5922379C520052D63C /* paishe@2x.png in Resources */,
				539B3A8521C8A48C00431B7A /* circleright@2x.png in Resources */,
				53B7FC962237A7F20052D63C /* zhichizhixiang@2x.png in Resources */,
			);
			runOnlyForDeploymentPostprocessing = 0;
		};
/* End PBXResourcesBuildPhase section */

/* Begin PBXShellScriptBuildPhase section */
		20881100C90916140521F00F /* [CP] Embed Pods Frameworks */ = {
			isa = PBXShellScriptBuildPhase;
			buildActionMask = 2147483647;
			files = (
			);
			inputPaths = (
				"${SRCROOT}/Pods/Target Support Files/Pods-LifeCollection/Pods-LifeCollection-frameworks.sh",
				"${BUILT_PRODUCTS_DIR}/AFNetworking/AFNetworking.framework",
				"${BUILT_PRODUCTS_DIR}/FLAnimatedImage/FLAnimatedImage.framework",
				"${BUILT_PRODUCTS_DIR}/FMDB/FMDB.framework",
				"${BUILT_PRODUCTS_DIR}/MBProgressHUD/MBProgressHUD.framework",
				"${BUILT_PRODUCTS_DIR}/MJRefresh/MJRefresh.framework",
				"${BUILT_PRODUCTS_DIR}/Masonry/Masonry.framework",
				"${BUILT_PRODUCTS_DIR}/SDWebImage/SDWebImage.framework",
				"${BUILT_PRODUCTS_DIR}/XHLaunchAd/XHLaunchAd.framework",
				"${BUILT_PRODUCTS_DIR}/YYModel/YYModel.framework",
			);
			name = "[CP] Embed Pods Frameworks";
			outputPaths = (
				"${TARGET_BUILD_DIR}/${FRAMEWORKS_FOLDER_PATH}/AFNetworking.framework",
				"${TARGET_BUILD_DIR}/${FRAMEWORKS_FOLDER_PATH}/FLAnimatedImage.framework",
				"${TARGET_BUILD_DIR}/${FRAMEWORKS_FOLDER_PATH}/FMDB.framework",
				"${TARGET_BUILD_DIR}/${FRAMEWORKS_FOLDER_PATH}/MBProgressHUD.framework",
				"${TARGET_BUILD_DIR}/${FRAMEWORKS_FOLDER_PATH}/MJRefresh.framework",
				"${TARGET_BUILD_DIR}/${FRAMEWORKS_FOLDER_PATH}/Masonry.framework",
				"${TARGET_BUILD_DIR}/${FRAMEWORKS_FOLDER_PATH}/SDWebImage.framework",
				"${TARGET_BUILD_DIR}/${FRAMEWORKS_FOLDER_PATH}/XHLaunchAd.framework",
				"${TARGET_BUILD_DIR}/${FRAMEWORKS_FOLDER_PATH}/YYModel.framework",
			);
			runOnlyForDeploymentPostprocessing = 0;
			shellPath = /bin/sh;
			shellScript = "\"${SRCROOT}/Pods/Target Support Files/Pods-LifeCollection/Pods-LifeCollection-frameworks.sh\"\n";
			showEnvVarsInLog = 0;
		};
		22EDE81A6AB224BF6B4295F9 /* [CP] Check Pods Manifest.lock */ = {
			isa = PBXShellScriptBuildPhase;
			buildActionMask = 2147483647;
			files = (
			);
			inputPaths = (
				"${PODS_PODFILE_DIR_PATH}/Podfile.lock",
				"${PODS_ROOT}/Manifest.lock",
			);
			name = "[CP] Check Pods Manifest.lock";
			outputPaths = (
				"$(DERIVED_FILE_DIR)/Pods-LifeCollection-checkManifestLockResult.txt",
			);
			runOnlyForDeploymentPostprocessing = 0;
			shellPath = /bin/sh;
			shellScript = "diff \"${PODS_PODFILE_DIR_PATH}/Podfile.lock\" \"${PODS_ROOT}/Manifest.lock\" > /dev/null\nif [ $? != 0 ] ; then\n    # print error to STDERR\n    echo \"error: The sandbox is not in sync with the Podfile.lock. Run 'pod install' or update your CocoaPods installation.\" >&2\n    exit 1\nfi\n# This output is used by Xcode 'outputs' to avoid re-running this script phase.\necho \"SUCCESS\" > \"${SCRIPT_OUTPUT_FILE_0}\"\n";
			showEnvVarsInLog = 0;
		};
		5353817121D4F09100946D86 /* ShellScript */ = {
			isa = PBXShellScriptBuildPhase;
			buildActionMask = 2147483647;
			files = (
			);
			inputFileListPaths = (
			);
			inputPaths = (
			);
			outputFileListPaths = (
			);
			outputPaths = (
			);
			runOnlyForDeploymentPostprocessing = 0;
			shellPath = /bin/sh;
			shellScript = "\"${PODS_ROOT}/Fabric/run\" e5a51bcb1d2c3bfc5e7b43c7a3a9cd6cffe7f0b8 eb38756f0e57b9048d3c1e112eb0d53f92817a9149c333ab5b6f3c59ff6bc9d7\n";
		};
/* End PBXShellScriptBuildPhase section */

/* Begin PBXSourcesBuildPhase section */
		5357B40121C38B73009D9333 /* Sources */ = {
			isa = PBXSourcesBuildPhase;
			buildActionMask = 2147483647;
			files = (
				53B7FC742237A1800052D63C /* LCNoiseViewController.m in Sources */,
				53B7FC422236479B0052D63C /* ToolCollectionViewCell.m in Sources */,
				539B3A6221C7AB1500431B7A /* TextFieldTableViewCell.m in Sources */,
				53B7FC692237A0110052D63C /* LCCompassManage.m in Sources */,
				53B7FC832237A4720052D63C /* LCCorrectViewController.m in Sources */,
				53B7FC902237A6020052D63C /* LCRulesLineMovingView.m in Sources */,
				539B3A6C21C7B57800431B7A /* SelectColorTableViewCell.m in Sources */,
				5325DF8521D0BEA000743052 /* FoundTableViewCell.m in Sources */,
				53AC8E0921D0D02700DD0079 /* FoundListModel.m in Sources */,
				5356ED0921C7474100862FE1 /* UserViewController.m in Sources */,
				5357B40D21C38B73009D9333 /* HomeViewController.m in Sources */,
				53349019225C81AA00DBBA9F /* NoteModelTool.m in Sources */,
				5357B41321C38B73009D9333 /* LifeCollection.xcdatamodeld in Sources */,
				53B7FC4B223798BF0052D63C /* LCProtractorViewController.m in Sources */,
				53349016225C819800DBBA9F /* NoteModel.m in Sources */,
				5357B42921C3911B009D9333 /* LCColor.m in Sources */,
				5356ED3121C7845D00862FE1 /* AddViewController.m in Sources */,
				5356ECF121C7463A00862FE1 /* LCTabBarController.m in Sources */,
				53B7FC932237A64C0052D63C /* LCRulesLineModel.m in Sources */,
				5357B41B21C38B74009D9333 /* main.m in Sources */,
				5356ECF521C7466C00862FE1 /* LCNavigationViewController.m in Sources */,
				5356ECF221C7463A00862FE1 /* LCTabBar.m in Sources */,
				53B7FC4D223799370052D63C /* UIControl+Block_Handle.m in Sources */,
				5303626C225C8451002B5A7F /* NoteListTableViewCell.m in Sources */,
				53B7FC2522360CBE0052D63C /* ToolViewController.m in Sources */,
				531AD0BA21CCBF1900A4B2BC /* UserViewTableViewCell.m in Sources */,
				5356ED2E21C75F0A00862FE1 /* TimeListTableViewCell.m in Sources */,
				53B7FC8A2237A57C0052D63C /* LCRuleViewController.m in Sources */,
				53B7FC8D2237A5D60052D63C /* LCRulesLineView.m in Sources */,
				53AC8E1121D2271C00DD0079 /* AppreciatesViewController.m in Sources */,
				53AC8E2E21D33E5800DD0079 /* LCSettings.m in Sources */,
				531AD0A521CB7DAC00A4B2BC /* DateFormatter.m in Sources */,
				53AC8E0C21D1DC9D00DD0079 /* LCRefresh.m in Sources */,
				536D0BD721DF4A0400FB0653 /* LCClient.m in Sources */,
				53B7FC6622379FC30052D63C /* LCLevelViewController.m in Sources */,
				531AD0CF21CCF0EF00A4B2BC /* AppListViewController.m in Sources */,
				539B3A5F21C7A77700431B7A /* PreviewTableViewCell.m in Sources */,
				531AD0CC21CCE9A200A4B2BC /* AboutDeveloperViewController.m in Sources */,
				531AD09E21CB414C00A4B2BC /* DoActionSheet.m in Sources */,
				53AC8E2521D32A3100DD0079 /* StartFigureManager.m in Sources */,
				531AD08821CA28C700A4B2BC /* EventModelTool.m in Sources */,
				531AD0C921CCE12300A4B2BC /* LCWebViewViewController.m in Sources */,
				53349011225B269900DBBA9F /* NoteListViewController.m in Sources */,
				539B3A6521C7B01300431B7A /* TitleTableViewCell.m in Sources */,
				5357B40A21C38B73009D9333 /* AppDelegate.m in Sources */,
				531AD09421CA411000A4B2BC /* LCDatePickerWindow.m in Sources */,
				531AD08521CA286000A4B2BC /* EventModel.m in Sources */,
				5325DF7A21D08B2100743052 /* FoundViewController.m in Sources */,
			);
			runOnlyForDeploymentPostprocessing = 0;
		};
/* End PBXSourcesBuildPhase section */

/* Begin PBXVariantGroup section */
		5357B40E21C38B73009D9333 /* Main.storyboard */ = {
			isa = PBXVariantGroup;
			children = (
				5357B40F21C38B73009D9333 /* Base */,
			);
			name = Main.storyboard;
			sourceTree = "<group>";
		};
		5357B41621C38B74009D9333 /* LaunchScreen.storyboard */ = {
			isa = PBXVariantGroup;
			children = (
				5357B41721C38B74009D9333 /* Base */,
			);
			name = LaunchScreen.storyboard;
			sourceTree = "<group>";
		};
/* End PBXVariantGroup section */

/* Begin XCBuildConfiguration section */
		5357B41C21C38B74009D9333 /* Debug */ = {
			isa = XCBuildConfiguration;
			buildSettings = {
				ALWAYS_SEARCH_USER_PATHS = NO;
				CLANG_ANALYZER_NONNULL = YES;
				CLANG_ANALYZER_NUMBER_OBJECT_CONVERSION = YES_AGGRESSIVE;
				CLANG_CXX_LANGUAGE_STANDARD = "gnu++14";
				CLANG_CXX_LIBRARY = "libc++";
				CLANG_ENABLE_MODULES = YES;
				CLANG_ENABLE_OBJC_ARC = YES;
				CLANG_ENABLE_OBJC_WEAK = YES;
				CLANG_WARN_BLOCK_CAPTURE_AUTORELEASING = YES;
				CLANG_WARN_BOOL_CONVERSION = YES;
				CLANG_WARN_COMMA = YES;
				CLANG_WARN_CONSTANT_CONVERSION = YES;
				CLANG_WARN_DEPRECATED_OBJC_IMPLEMENTATIONS = YES;
				CLANG_WARN_DIRECT_OBJC_ISA_USAGE = YES_ERROR;
				CLANG_WARN_DOCUMENTATION_COMMENTS = YES;
				CLANG_WARN_EMPTY_BODY = YES;
				CLANG_WARN_ENUM_CONVERSION = YES;
				CLANG_WARN_INFINITE_RECURSION = YES;
				CLANG_WARN_INT_CONVERSION = YES;
				CLANG_WARN_NON_LITERAL_NULL_CONVERSION = YES;
				CLANG_WARN_OBJC_IMPLICIT_RETAIN_SELF = YES;
				CLANG_WARN_OBJC_LITERAL_CONVERSION = YES;
				CLANG_WARN_OBJC_ROOT_CLASS = YES_ERROR;
				CLANG_WARN_RANGE_LOOP_ANALYSIS = YES;
				CLANG_WARN_STRICT_PROTOTYPES = YES;
				CLANG_WARN_SUSPICIOUS_MOVE = YES;
				CLANG_WARN_UNGUARDED_AVAILABILITY = YES_AGGRESSIVE;
				CLANG_WARN_UNREACHABLE_CODE = YES;
				CLANG_WARN__DUPLICATE_METHOD_MATCH = YES;
				CODE_SIGN_IDENTITY = "iPhone Developer";
				COPY_PHASE_STRIP = NO;
				DEBUG_INFORMATION_FORMAT = dwarf;
				ENABLE_STRICT_OBJC_MSGSEND = YES;
				ENABLE_TESTABILITY = YES;
				GCC_C_LANGUAGE_STANDARD = gnu11;
				GCC_DYNAMIC_NO_PIC = NO;
				GCC_NO_COMMON_BLOCKS = YES;
				GCC_OPTIMIZATION_LEVEL = 0;
				GCC_PREPROCESSOR_DEFINITIONS = (
					"DEBUG=1",
					"$(inherited)",
				);
				GCC_WARN_64_TO_32_BIT_CONVERSION = YES;
				GCC_WARN_ABOUT_RETURN_TYPE = YES_ERROR;
				GCC_WARN_UNDECLARED_SELECTOR = YES;
				GCC_WARN_UNINITIALIZED_AUTOS = YES_AGGRESSIVE;
				GCC_WARN_UNUSED_FUNCTION = YES;
				GCC_WARN_UNUSED_VARIABLE = YES;
				IPHONEOS_DEPLOYMENT_TARGET = 12.1;
				MTL_ENABLE_DEBUG_INFO = INCLUDE_SOURCE;
				MTL_FAST_MATH = YES;
				ONLY_ACTIVE_ARCH = YES;
				SDKROOT = iphoneos;
			};
			name = Debug;
		};
		5357B41D21C38B74009D9333 /* Release */ = {
			isa = XCBuildConfiguration;
			buildSettings = {
				ALWAYS_SEARCH_USER_PATHS = NO;
				CLANG_ANALYZER_NONNULL = YES;
				CLANG_ANALYZER_NUMBER_OBJECT_CONVERSION = YES_AGGRESSIVE;
				CLANG_CXX_LANGUAGE_STANDARD = "gnu++14";
				CLANG_CXX_LIBRARY = "libc++";
				CLANG_ENABLE_MODULES = YES;
				CLANG_ENABLE_OBJC_ARC = YES;
				CLANG_ENABLE_OBJC_WEAK = YES;
				CLANG_WARN_BLOCK_CAPTURE_AUTORELEASING = YES;
				CLANG_WARN_BOOL_CONVERSION = YES;
				CLANG_WARN_COMMA = YES;
				CLANG_WARN_CONSTANT_CONVERSION = YES;
				CLANG_WARN_DEPRECATED_OBJC_IMPLEMENTATIONS = YES;
				CLANG_WARN_DIRECT_OBJC_ISA_USAGE = YES_ERROR;
				CLANG_WARN_DOCUMENTATION_COMMENTS = YES;
				CLANG_WARN_EMPTY_BODY = YES;
				CLANG_WARN_ENUM_CONVERSION = YES;
				CLANG_WARN_INFINITE_RECURSION = YES;
				CLANG_WARN_INT_CONVERSION = YES;
				CLANG_WARN_NON_LITERAL_NULL_CONVERSION = YES;
				CLANG_WARN_OBJC_IMPLICIT_RETAIN_SELF = YES;
				CLANG_WARN_OBJC_LITERAL_CONVERSION = YES;
				CLANG_WARN_OBJC_ROOT_CLASS = YES_ERROR;
				CLANG_WARN_RANGE_LOOP_ANALYSIS = YES;
				CLANG_WARN_STRICT_PROTOTYPES = YES;
				CLANG_WARN_SUSPICIOUS_MOVE = YES;
				CLANG_WARN_UNGUARDED_AVAILABILITY = YES_AGGRESSIVE;
				CLANG_WARN_UNREACHABLE_CODE = YES;
				CLANG_WARN__DUPLICATE_METHOD_MATCH = YES;
				CODE_SIGN_IDENTITY = "iPhone Developer";
				COPY_PHASE_STRIP = NO;
				DEBUG_INFORMATION_FORMAT = "dwarf-with-dsym";
				ENABLE_NS_ASSERTIONS = NO;
				ENABLE_STRICT_OBJC_MSGSEND = YES;
				GCC_C_LANGUAGE_STANDARD = gnu11;
				GCC_NO_COMMON_BLOCKS = YES;
				GCC_WARN_64_TO_32_BIT_CONVERSION = YES;
				GCC_WARN_ABOUT_RETURN_TYPE = YES_ERROR;
				GCC_WARN_UNDECLARED_SELECTOR = YES;
				GCC_WARN_UNINITIALIZED_AUTOS = YES_AGGRESSIVE;
				GCC_WARN_UNUSED_FUNCTION = YES;
				GCC_WARN_UNUSED_VARIABLE = YES;
				IPHONEOS_DEPLOYMENT_TARGET = 12.1;
				MTL_ENABLE_DEBUG_INFO = NO;
				MTL_FAST_MATH = YES;
				SDKROOT = iphoneos;
				VALIDATE_PRODUCT = YES;
			};
			name = Release;
		};
		5357B41F21C38B74009D9333 /* Debug */ = {
			isa = XCBuildConfiguration;
			baseConfigurationReference = A46CB81A40A90EFAE12EAFA2 /* Pods-LifeCollection.debug.xcconfig */;
			buildSettings = {
				ASSETCATALOG_COMPILER_APPICON_NAME = AppIcon;
				ASSETCATALOG_COMPILER_LAUNCHIMAGE_NAME = LaunchImage;
				CODE_SIGN_STYLE = Automatic;
				DEVELOPMENT_TEAM = 6JC78V6G2N;
				GCC_PREFIX_HEADER = LifeCollection/LifeCollectionPrefixHeader.pch;
				INFOPLIST_FILE = LifeCollection/Info.plist;
				IPHONEOS_DEPLOYMENT_TARGET = 9.0;
				LD_RUNPATH_SEARCH_PATHS = (
					"$(inherited)",
					"@executable_path/Frameworks",
				);
				PRODUCT_BUNDLE_IDENTIFIER = com.xuzhou.LifeCollection;
				PRODUCT_NAME = "$(TARGET_NAME)";
				TARGETED_DEVICE_FAMILY = 1;
			};
			name = Debug;
		};
		5357B42021C38B74009D9333 /* Release */ = {
			isa = XCBuildConfiguration;
			baseConfigurationReference = DAB28567032FA38DDC677DEE /* Pods-LifeCollection.release.xcconfig */;
			buildSettings = {
				ASSETCATALOG_COMPILER_APPICON_NAME = AppIcon;
				ASSETCATALOG_COMPILER_LAUNCHIMAGE_NAME = LaunchImage;
				CODE_SIGN_STYLE = Automatic;
				DEVELOPMENT_TEAM = 6JC78V6G2N;
				GCC_PREFIX_HEADER = LifeCollection/LifeCollectionPrefixHeader.pch;
				INFOPLIST_FILE = LifeCollection/Info.plist;
				IPHONEOS_DEPLOYMENT_TARGET = 9.0;
				LD_RUNPATH_SEARCH_PATHS = (
					"$(inherited)",
					"@executable_path/Frameworks",
				);
				PRODUCT_BUNDLE_IDENTIFIER = com.xuzhou.LifeCollection;
				PRODUCT_NAME = "$(TARGET_NAME)";
				TARGETED_DEVICE_FAMILY = 1;
			};
			name = Release;
		};
/* End XCBuildConfiguration section */

/* Begin XCConfigurationList section */
		5357B40021C38B73009D9333 /* Build configuration list for PBXProject "LifeCollection" */ = {
			isa = XCConfigurationList;
			buildConfigurations = (
				5357B41C21C38B74009D9333 /* Debug */,
				5357B41D21C38B74009D9333 /* Release */,
			);
			defaultConfigurationIsVisible = 0;
			defaultConfigurationName = Release;
		};
		5357B41E21C38B74009D9333 /* Build configuration list for PBXNativeTarget "LifeCollection" */ = {
			isa = XCConfigurationList;
			buildConfigurations = (
				5357B41F21C38B74009D9333 /* Debug */,
				5357B42021C38B74009D9333 /* Release */,
			);
			defaultConfigurationIsVisible = 0;
			defaultConfigurationName = Release;
		};
/* End XCConfigurationList section */

/* Begin XCVersionGroup section */
		5357B41121C38B73009D9333 /* LifeCollection.xcdatamodeld */ = {
			isa = XCVersionGroup;
			children = (
				5357B41221C38B73009D9333 /* LifeCollection.xcdatamodel */,
			);
			currentVersion = 5357B41221C38B73009D9333 /* LifeCollection.xcdatamodel */;
			path = LifeCollection.xcdatamodeld;
			sourceTree = "<group>";
			versionGroupType = wrapper.xcdatamodel;
		};
/* End XCVersionGroup section */
	};
	rootObject = 5357B3FD21C38B73009D9333 /* Project object */;
}
